// !$*UTF8*$!
{
	archiveVersion = 1;
	classes = {
	};
	objectVersion = 46;
	objects = {

/* Begin PBXBuildFile section */
		92164B781E08CFA500432411 /* AppDelegate.swift in Sources */ = {isa = PBXBuildFile; fileRef = 92164B771E08CFA500432411 /* AppDelegate.swift */; };
		92164B7D1E08CFA500432411 /* Main.storyboard in Resources */ = {isa = PBXBuildFile; fileRef = 92164B7B1E08CFA500432411 /* Main.storyboard */; };
		92164B7F1E08CFA500432411 /* Assets.xcassets in Resources */ = {isa = PBXBuildFile; fileRef = 92164B7E1E08CFA500432411 /* Assets.xcassets */; };
		92164B821E08CFA500432411 /* LaunchScreen.storyboard in Resources */ = {isa = PBXBuildFile; fileRef = 92164B801E08CFA500432411 /* LaunchScreen.storyboard */; };
		92164B8A1E08CFEE00432411 /* moments.mp4 in Resources */ = {isa = PBXBuildFile; fileRef = 92164B891E08CFEE00432411 /* moments.mp4 */; };
		92164B8C1E08D03600432411 /* VideoCutter.swift in Sources */ = {isa = PBXBuildFile; fileRef = 92164B8B1E08D03600432411 /* VideoCutter.swift */; };
		92164B8E1E08D09F00432411 /* VideoSplashViewController.swift in Sources */ = {isa = PBXBuildFile; fileRef = 92164B8D1E08D09F00432411 /* VideoSplashViewController.swift */; };
		92164B901E08D1D800432411 /* ViewController.swift in Sources */ = {isa = PBXBuildFile; fileRef = 92164B8F1E08D1D800432411 /* ViewController.swift */; };
/* End PBXBuildFile section */

/* Begin PBXFileReference section */
		92164B741E08CFA500432411 /* SpotifyVideoBackground.app */ = {isa = PBXFileReference; explicitFileType = wrapper.application; includeInIndex = 0; path = SpotifyVideoBackground.app; sourceTree = BUILT_PRODUCTS_DIR; };
		92164B771E08CFA500432411 /* AppDelegate.swift */ = {isa = PBXFileReference; lastKnownFileType = sourcecode.swift; path = AppDelegate.swift; sourceTree = "<group>"; };
		92164B7C1E08CFA500432411 /* Base */ = {isa = PBXFileReference; lastKnownFileType = file.storyboard; name = Base; path = Base.lproj/Main.storyboard; sourceTree = "<group>"; };
		92164B7E1E08CFA500432411 /* Assets.xcassets */ = {isa = PBXFileReference; lastKnownFileType = folder.assetcatalog; path = Assets.xcassets; sourceTree = "<group>"; };
		92164B811E08CFA500432411 /* Base */ = {isa = PBXFileReference; lastKnownFileType = file.storyboard; name = Base; path = Base.lproj/LaunchScreen.storyboard; sourceTree = "<group>"; };
		92164B831E08CFA500432411 /* Info.plist */ = {isa = PBXFileReference; lastKnownFileType = text.plist.xml; path = Info.plist; sourceTree = "<group>"; };
		92164B891E08CFEE00432411 /* moments.mp4 */ = {isa = PBXFileReference; lastKnownFileType = file; path = moments.mp4; sourceTree = "<group>"; };
		92164B8B1E08D03600432411 /* VideoCutter.swift */ = {isa = PBXFileReference; fileEncoding = 4; lastKnownFileType = sourcecode.swift; path = VideoCutter.swift; sourceTree = "<group>"; };
		92164B8D1E08D09F00432411 /* VideoSplashViewController.swift */ = {isa = PBXFileReference; fileEncoding = 4; lastKnownFileType = sourcecode.swift; path = VideoSplashViewController.swift; sourceTree = "<group>"; };
		92164B8F1E08D1D800432411 /* ViewController.swift */ = {isa = PBXFileReference; fileEncoding = 4; lastKnownFileType = sourcecode.swift; path = ViewController.swift; sourceTree = "<group>"; };
/* End PBXFileReference section */

/* Begin PBXFrameworksBuildPhase section */
		92164B711E08CFA500432411 /* Frameworks */ = {
			isa = PBXFrameworksBuildPhase;
			buildActionMask = 2147483647;
			files = (
			);
			runOnlyForDeploymentPostprocessing = 0;
		};
/* End PBXFrameworksBuildPhase section */

/* Begin PBXGroup section */
		92164B6B1E08CFA500432411 = {
			isa = PBXGroup;
			children = (
				92164B761E08CFA500432411 /* SpotifyVideoBackground */,
				92164B751E08CFA500432411 /* Products */,
			);
			sourceTree = "<group>";
		};
		92164B751E08CFA500432411 /* Products */ = {
			isa = PBXGroup;
			children = (
				92164B741E08CFA500432411 /* SpotifyVideoBackground.app */,
			);
			name = Products;
			sourceTree = "<group>";
		};
		92164B761E08CFA500432411 /* SpotifyVideoBackground */ = {
			isa = PBXGroup;
			children = (
				92164B891E08CFEE00432411 /* moments.mp4 */,
				92164B771E08CFA500432411 /* AppDelegate.swift */,
				92164B8B1E08D03600432411 /* VideoCutter.swift */,
				92164B8D1E08D09F00432411 /* VideoSplashViewController.swift */,
				92164B8F1E08D1D800432411 /* ViewController.swift */,
				92164B7B1E08CFA500432411 /* Main.storyboard */,
				92164B7E1E08CFA500432411 /* Assets.xcassets */,
				92164B801E08CFA500432411 /* LaunchScreen.storyboard */,
				92164B831E08CFA500432411 /* Info.plist */,
			);
			path = SpotifyVideoBackground;
			sourceTree = "<group>";
		};
/* End PBXGroup section */

/* Begin PBXNativeTarget section */
		92164B731E08CFA500432411 /* SpotifyVideoBackground */ = {
			isa = PBXNativeTarget;
			buildConfigurationList = 92164B861E08CFA500432411 /* Build configuration list for PBXNativeTarget "SpotifyVideoBackground" */;
			buildPhases = (
				92164B701E08CFA500432411 /* Sources */,
				92164B711E08CFA500432411 /* Frameworks */,
				92164B721E08CFA500432411 /* Resources */,
			);
			buildRules = (
			);
			dependencies = (
			);
			name = SpotifyVideoBackground;
			productName = SpotifyVideoBackground;
			productReference = 92164B741E08CFA500432411 /* SpotifyVideoBackground.app */;
			productType = "com.apple.product-type.application";
		};
/* End PBXNativeTarget section */

/* Begin PBXProject section */
		92164B6C1E08CFA500432411 /* Project object */ = {
			isa = PBXProject;
			attributes = {
				LastSwiftUpdateCheck = 0820;
				LastUpgradeCheck = 0820;
				ORGANIZATIONNAME = CC;
				TargetAttributes = {
					92164B731E08CFA500432411 = {
						CreatedOnToolsVersion = 8.2;
						DevelopmentTeam = VUF52DQTNX;
						ProvisioningStyle = Automatic;
					};
				};
			};
			buildConfigurationList = 92164B6F1E08CFA500432411 /* Build configuration list for PBXProject "SpotifyVideoBackground" */;
			compatibilityVersion = "Xcode 3.2";
			developmentRegion = English;
			hasScannedForEncodings = 0;
			knownRegions = (
				en,
				Base,
			);
			mainGroup = 92164B6B1E08CFA500432411;
			productRefGroup = 92164B751E08CFA500432411 /* Products */;
			projectDirPath = "";
			projectRoot = "";
			targets = (
				92164B731E08CFA500432411 /* SpotifyVideoBackground */,
			);
		};
/* End PBXProject section */

/* Begin PBXResourcesBuildPhase section */
		92164B721E08CFA500432411 /* Resources */ = {
			isa = PBXResourcesBuildPhase;
			buildActionMask = 2147483647;
			files = (
				92164B821E08CFA500432411 /* LaunchScreen.storyboard in Resources */,
				92164B8A1E08CFEE00432411 /* moments.mp4 in Resources */,
				92164B7F1E08CFA500432411 /* Assets.xcassets in Resources */,
				92164B7D1E08CFA500432411 /* Main.storyboard in Resources */,
			);
			runOnlyForDeploymentPostprocessing = 0;
		};
/* End PBXResourcesBuildPhase section */

/* Begin PBXSourcesBuildPhase section */
		92164B701E08CFA500432411 /* Sources */ = {
			isa = PBXSourcesBuildPhase;
			buildActionMask = 2147483647;
			files = (
				92164B8C1E08D03600432411 /* VideoCutter.swift in Sources */,
				92164B781E08CFA500432411 /* AppDelegate.swift in Sources */,
				92164B901E08D1D800432411 /* ViewController.swift in Sources */,
				92164B8E1E08D09F00432411 /* VideoSplashViewController.swift in Sources */,
			);
			runOnlyForDeploymentPostprocessing = 0;
		};
/* End PBXSourcesBuildPhase section */

/* Begin PBXVariantGroup section */
		92164B7B1E08CFA500432411 /* Main.storyboard */ = {
			isa = PBXVariantGroup;
			children = (
				92164B7C1E08CFA500432411 /* Base */,
			);
			name = Main.storyboard;
			sourceTree = "<group>";
		};
		92164B801E08CFA500432411 /* LaunchScreen.storyboard */ = {
			isa = PBXVariantGroup;
			children = (
				92164B811E08CFA500432411 /* Base */,
			);
			name = LaunchScreen.storyboard;
			sourceTree = "<group>";
		};
/* End PBXVariantGroup section */

/* Begin XCBuildConfiguration section */
		92164B841E08CFA500432411 /* Debug */ = {
			isa = XCBuildConfiguration;
			buildSettings = {
				ALWAYS_SEARCH_USER_PATHS = NO;
				CLANG_ANALYZER_NONNULL = YES;
				CLANG_CXX_LANGUAGE_STANDARD = "gnu++0x";
				CLANG_CXX_LIBRARY = "libc++";
				CLANG_ENABLE_MODULES = YES;
				CLANG_ENABLE_OBJC_ARC = YES;
				CLANG_WARN_BOOL_CONVERSION = YES;
				CLANG_WARN_CONSTANT_CONVERSION = YES;
				CLANG_WARN_DIRECT_OBJC_ISA_USAGE = YES_ERROR;
				CLANG_WARN_DOCUMENTATION_COMMENTS = YES;
				CLANG_WARN_EMPTY_BODY = YES;
				CLANG_WARN_ENUM_CONVERSION = YES;
				CLANG_WARN_INFINITE_RECURSION = YES;
				CLANG_WARN_INT_CONVERSION = YES;
				CLANG_WARN_OBJC_ROOT_CLASS = YES_ERROR;
				CLANG_WARN_SUSPICIOUS_MOVE = YES;
				CLANG_WARN_UNREACHABLE_CODE = YES;
				CLANG_WARN__DUPLICATE_METHOD_MATCH = YES;
				"CODE_SIGN_IDENTITY[sdk=iphoneos*]" = "iPhone Developer";
				COPY_PHASE_STRIP = NO;
				DEBUG_INFORMATION_FORMAT = dwarf;
				ENABLE_STRICT_OBJC_MSGSEND = YES;
				ENABLE_TESTABILITY = YES;
				GCC_C_LANGUAGE_STANDARD = gnu99;
				GCC_DYNAMIC_NO_PIC = NO;
				GCC_NO_COMMON_BLOCKS = YES;
				GCC_OPTIMIZATION_LEVEL = 0;
				GCC_PREPROCESSOR_DEFINITIONS = (
					"DEBUG=1",
					"$(inherited)",
				);
				GCC_WARN_64_TO_32_BIT_CONVERSION = YES;
				GCC_WARN_ABOUT_RETURN_TYPE = YES_ERROR;
				GCC_WARN_UNDECLARED_SELECTOR = YES;
				GCC_WARN_UNINITIALIZED_AUTOS = YES_AGGRESSIVE;
				GCC_WARN_UNUSED_FUNCTION = YES;
				GCC_WARN_UNUSED_VARIABLE = YES;
				IPHONEOS_DEPLOYMENT_TARGET = 10.2;
				MTL_ENABLE_DEBUG_INFO = YES;
				ONLY_ACTIVE_ARCH = YES;
				SDKROOT = iphoneos;
				SWIFT_ACTIVE_COMPILATION_CONDITIONS = DEBUG;
				SWIFT_OPTIMIZATION_LEVEL = "-Onone";
			};
			name = Debug;
		};
		92164B851E08CFA500432411 /* Release */ = {
			isa = XCBuildConfiguration;
			buildSettings = {
				ALWAYS_SEARCH_USER_PATHS = NO;
				CLANG_ANALYZER_NONNULL = YES;
				CLANG_CXX_LANGUAGE_STANDARD = "gnu++0x";
				CLANG_CXX_LIBRARY = "libc++";
				CLANG_ENABLE_MODULES = YES;
				CLANG_ENABLE_OBJC_ARC = YES;
				CLANG_WARN_BOOL_CONVERSION = YES;
				CLANG_WARN_CONSTANT_CONVERSION = YES;
				CLANG_WARN_DIRECT_OBJC_ISA_USAGE = YES_ERROR;
				CLANG_WARN_DOCUMENTATION_COMMENTS = YES;
				CLANG_WARN_EMPTY_BODY = YES;
				CLANG_WARN_ENUM_CONVERSION = YES;
				CLANG_WARN_INFINITE_RECURSION = YES;
				CLANG_WARN_INT_CONVERSION = YES;
				CLANG_WARN_OBJC_ROOT_CLASS = YES_ERROR;
				CLANG_WARN_SUSPICIOUS_MOVE = YES;
				CLANG_WARN_UNREACHABLE_CODE = YES;
				CLANG_WARN__DUPLICATE_METHOD_MATCH = YES;
				"CODE_SIGN_IDENTITY[sdk=iphoneos*]" = "iPhone Developer";
				COPY_PHASE_STRIP = NO;
				DEBUG_INFORMATION_FORMAT = "dwarf-with-dsym";
				ENABLE_NS_ASSERTIONS = NO;
				ENABLE_STRICT_OBJC_MSGSEND = YES;
				GCC_C_LANGUAGE_STANDARD = gnu99;
				GCC_NO_COMMON_BLOCKS = YES;
				GCC_WARN_64_TO_32_BIT_CONVERSION = YES;
				GCC_WARN_ABOUT_RETURN_TYPE = YES_ERROR;
				GCC_WARN_UNDECLARED_SELECTOR = YES;
				GCC_WARN_UNINITIALIZED_AUTOS = YES_AGGRESSIVE;
				GCC_WARN_UNUSED_FUNCTION = YES;
				GCC_WARN_UNUSED_VARIABLE = YES;
				IPHONEOS_DEPLOYMENT_TARGET = 10.2;
				MTL_ENABLE_DEBUG_INFO = NO;
				SDKROOT = iphoneos;
				SWIFT_OPTIMIZATION_LEVEL = "-Owholemodule";
				VALIDATE_PRODUCT = YES;
			};
			name = Release;
		};
		92164B871E08CFA500432411 /* Debug */ = {
			isa = XCBuildConfiguration;
			buildSettings = {
				ASSETCATALOG_COMPILER_APPICON_NAME = AppIcon;
				DEVELOPMENT_TEAM = VUF52DQTNX;
				INFOPLIST_FILE = SpotifyVideoBackground/Info.plist;
				LD_RUNPATH_SEARCH_PATHS = "$(inherited) @executable_path/Frameworks";
				PRODUCT_BUNDLE_IDENTIFIER = com.cc.SpotifyVideoBackground;
				PRODUCT_NAME = "$(TARGET_NAME)";
				SWIFT_VERSION = 3.0;
			};
			name = Debug;
		};
		92164B881E08CFA500432411 /* Release */ = {
			isa = XCBuildConfiguration;
			buildSettings = {
				ASSETCATALOG_COMPILER_APPICON_NAME = AppIcon;
				DEVELOPMENT_TEAM = VUF52DQTNX;
				INFOPLIST_FILE = SpotifyVideoBackground/Info.plist;
				LD_RUNPATH_SEARCH_PATHS = "$(inherited) @executable_path/Frameworks";
				PRODUCT_BUNDLE_IDENTIFIER = com.cc.SpotifyVideoBackground;
				PRODUCT_NAME = "$(TARGET_NAME)";
				SWIFT_VERSION = 3.0;
			};
			name = Release;
		};
/* End XCBuildConfiguration section */

/* Begin XCConfigurationList section */
		92164B6F1E08CFA500432411 /* Build configuration list for PBXProject "SpotifyVideoBackground" */ = {
			isa = XCConfigurationList;
			buildConfigurations = (
				92164B841E08CFA500432411 /* Debug */,
				92164B851E08CFA500432411 /* Release */,
			);
			defaultConfigurationIsVisible = 0;
			defaultConfigurationName = Release;
		};
		92164B861E08CFA500432411 /* Build configuration list for PBXNativeTarget "SpotifyVideoBackground" */ = {
			isa = XCConfigurationList;
			buildConfigurations = (
				92164B871E08CFA500432411 /* Debug */,
				92164B881E08CFA500432411 /* Release */,
			);
			defaultConfigurationIsVisible = 0;
		};
/* End XCConfigurationList section */
	};
	rootObject = 92164B6C1E08CFA500432411 /* Project object */;
}
