// !$*UTF8*$!
{
	archiveVersion = 1;
	classes = {
	};
	objectVersion = 46;
	objects = {

/* Begin PBXBuildFile section */
		9297C8EE1E029D9E00FF12D3 /* AppDelegate.swift in Sources */ = {isa = PBXBuildFile; fileRef = 9297C8ED1E029D9E00FF12D3 /* AppDelegate.swift */; };
		9297C8F01E029D9E00FF12D3 /* ViewController.swift in Sources */ = {isa = PBXBuildFile; fileRef = 9297C8EF1E029D9E00FF12D3 /* ViewController.swift */; };
		9297C8F31E029D9E00FF12D3 /* Main.storyboard in Resources */ = {isa = PBXBuildFile; fileRef = 9297C8F11E029D9E00FF12D3 /* Main.storyboard */; };
		9297C8F51E029D9E00FF12D3 /* Assets.xcassets in Resources */ = {isa = PBXBuildFile; fileRef = 9297C8F41E029D9E00FF12D3 /* Assets.xcassets */; };
		9297C8F81E029D9E00FF12D3 /* LaunchScreen.storyboard in Resources */ = {isa = PBXBuildFile; fileRef = 9297C8F61E029D9E00FF12D3 /* LaunchScreen.storyboard */; };
/* End PBXBuildFile section */

/* Begin PBXFileReference section */
		9297C8EA1E029D9E00FF12D3 /* CarouselEffect.app */ = {isa = PBXFileReference; explicitFileType = wrapper.application; includeInIndex = 0; path = CarouselEffect.app; sourceTree = BUILT_PRODUCTS_DIR; };
		9297C8ED1E029D9E00FF12D3 /* AppDelegate.swift */ = {isa = PBXFileReference; lastKnownFileType = sourcecode.swift; path = AppDelegate.swift; sourceTree = "<group>"; };
		9297C8EF1E029D9E00FF12D3 /* ViewController.swift */ = {isa = PBXFileReference; lastKnownFileType = sourcecode.swift; path = ViewController.swift; sourceTree = "<group>"; };
		9297C8F21E029D9E00FF12D3 /* Base */ = {isa = PBXFileReference; lastKnownFileType = file.storyboard; name = Base; path = Base.lproj/Main.storyboard; sourceTree = "<group>"; };
		9297C8F41E029D9E00FF12D3 /* Assets.xcassets */ = {isa = PBXFileReference; lastKnownFileType = folder.assetcatalog; path = Assets.xcassets; sourceTree = "<group>"; };
		9297C8F71E029D9E00FF12D3 /* Base */ = {isa = PBXFileReference; lastKnownFileType = file.storyboard; name = Base; path = Base.lproj/LaunchScreen.storyboard; sourceTree = "<group>"; };
		9297C8F91E029D9E00FF12D3 /* Info.plist */ = {isa = PBXFileReference; lastKnownFileType = text.plist.xml; path = Info.plist; sourceTree = "<group>"; };
/* End PBXFileReference section */

/* Begin PBXFrameworksBuildPhase section */
		9297C8E71E029D9E00FF12D3 /* Frameworks */ = {
			isa = PBXFrameworksBuildPhase;
			buildActionMask = 2147483647;
			files = (
			);
			runOnlyForDeploymentPostprocessing = 0;
		};
/* End PBXFrameworksBuildPhase section */

/* Begin PBXGroup section */
		9297C8E11E029D9E00FF12D3 = {
			isa = PBXGroup;
			children = (
				9297C8EC1E029D9E00FF12D3 /* CarouselEffect */,
				9297C8EB1E029D9E00FF12D3 /* Products */,
			);
			sourceTree = "<group>";
		};
		9297C8EB1E029D9E00FF12D3 /* Products */ = {
			isa = PBXGroup;
			children = (
				9297C8EA1E029D9E00FF12D3 /* CarouselEffect.app */,
			);
			name = Products;
			sourceTree = "<group>";
		};
		9297C8EC1E029D9E00FF12D3 /* CarouselEffect */ = {
			isa = PBXGroup;
			children = (
				9297C8ED1E029D9E00FF12D3 /* AppDelegate.swift */,
				9297C8EF1E029D9E00FF12D3 /* ViewController.swift */,
				9297C8F11E029D9E00FF12D3 /* Main.storyboard */,
				9297C8F41E029D9E00FF12D3 /* Assets.xcassets */,
				9297C8F61E029D9E00FF12D3 /* LaunchScreen.storyboard */,
				9297C8F91E029D9E00FF12D3 /* Info.plist */,
			);
			path = CarouselEffect;
			sourceTree = "<group>";
		};
/* End PBXGroup section */

/* Begin PBXNativeTarget section */
		9297C8E91E029D9E00FF12D3 /* CarouselEffect */ = {
			isa = PBXNativeTarget;
			buildConfigurationList = 9297C8FC1E029D9E00FF12D3 /* Build configuration list for PBXNativeTarget "CarouselEffect" */;
			buildPhases = (
				9297C8E61E029D9E00FF12D3 /* Sources */,
				9297C8E71E029D9E00FF12D3 /* Frameworks */,
				9297C8E81E029D9E00FF12D3 /* Resources */,
			);
			buildRules = (
			);
			dependencies = (
			);
			name = CarouselEffect;
			productName = CarouselEffect;
			productReference = 9297C8EA1E029D9E00FF12D3 /* CarouselEffect.app */;
			productType = "com.apple.product-type.application";
		};
/* End PBXNativeTarget section */

/* Begin PBXProject section */
		9297C8E21E029D9E00FF12D3 /* Project object */ = {
			isa = PBXProject;
			attributes = {
				LastSwiftUpdateCheck = 0820;
				LastUpgradeCheck = 0820;
				ORGANIZATIONNAME = CC;
				TargetAttributes = {
					9297C8E91E029D9E00FF12D3 = {
						CreatedOnToolsVersion = 8.2;
						DevelopmentTeam = VUF52DQTNX;
						ProvisioningStyle = Automatic;
					};
				};
			};
			buildConfigurationList = 9297C8E51E029D9E00FF12D3 /* Build configuration list for PBXProject "CarouselEffect" */;
			compatibilityVersion = "Xcode 3.2";
			developmentRegion = English;
			hasScannedForEncodings = 0;
			knownRegions = (
				en,
				Base,
			);
			mainGroup = 9297C8E11E029D9E00FF12D3;
			productRefGroup = 9297C8EB1E029D9E00FF12D3 /* Products */;
			projectDirPath = "";
			projectRoot = "";
			targets = (
				9297C8E91E029D9E00FF12D3 /* CarouselEffect */,
			);
		};
/* End PBXProject section */

/* Begin PBXResourcesBuildPhase section */
		9297C8E81E029D9E00FF12D3 /* Resources */ = {
			isa = PBXResourcesBuildPhase;
			buildActionMask = 2147483647;
			files = (
				9297C8F81E029D9E00FF12D3 /* LaunchScreen.storyboard in Resources */,
				9297C8F51E029D9E00FF12D3 /* Assets.xcassets in Resources */,
				9297C8F31E029D9E00FF12D3 /* Main.storyboard in Resources */,
			);
			runOnlyForDeploymentPostprocessing = 0;
		};
/* End PBXResourcesBuildPhase section */

/* Begin PBXSourcesBuildPhase section */
		9297C8E61E029D9E00FF12D3 /* Sources */ = {
			isa = PBXSourcesBuildPhase;
			buildActionMask = 2147483647;
			files = (
				9297C8F01E029D9E00FF12D3 /* ViewController.swift in Sources */,
				9297C8EE1E029D9E00FF12D3 /* AppDelegate.swift in Sources */,
			);
			runOnlyForDeploymentPostprocessing = 0;
		};
/* End PBXSourcesBuildPhase section */

/* Begin PBXVariantGroup section */
		9297C8F11E029D9E00FF12D3 /* Main.storyboard */ = {
			isa = PBXVariantGroup;
			children = (
				9297C8F21E029D9E00FF12D3 /* Base */,
			);
			name = Main.storyboard;
			sourceTree = "<group>";
		};
		9297C8F61E029D9E00FF12D3 /* LaunchScreen.storyboard */ = {
			isa = PBXVariantGroup;
			children = (
				9297C8F71E029D9E00FF12D3 /* Base */,
			);
			name = LaunchScreen.storyboard;
			sourceTree = "<group>";
		};
/* End PBXVariantGroup section */

/* Begin XCBuildConfiguration section */
		9297C8FA1E029D9E00FF12D3 /* Debug */ = {
			isa = XCBuildConfiguration;
			buildSettings = {
				ALWAYS_SEARCH_USER_PATHS = NO;
				CLANG_ANALYZER_NONNULL = YES;
				CLANG_CXX_LANGUAGE_STANDARD = "gnu++0x";
				CLANG_CXX_LIBRARY = "libc++";
				CLANG_ENABLE_MODULES = YES;
				CLANG_ENABLE_OBJC_ARC = YES;
				CLANG_WARN_BOOL_CONVERSION = YES;
				CLANG_WARN_CONSTANT_CONVERSION = YES;
				CLANG_WARN_DIRECT_OBJC_ISA_USAGE = YES_ERROR;
				CLANG_WARN_DOCUMENTATION_COMMENTS = YES;
				CLANG_WARN_EMPTY_BODY = YES;
				CLANG_WARN_ENUM_CONVERSION = YES;
				CLANG_WARN_INFINITE_RECURSION = YES;
				CLANG_WARN_INT_CONVERSION = YES;
				CLANG_WARN_OBJC_ROOT_CLASS = YES_ERROR;
				CLANG_WARN_SUSPICIOUS_MOVE = YES;
				CLANG_WARN_UNREACHABLE_CODE = YES;
				CLANG_WARN__DUPLICATE_METHOD_MATCH = YES;
				"CODE_SIGN_IDENTITY[sdk=iphoneos*]" = "iPhone Developer";
				COPY_PHASE_STRIP = NO;
				DEBUG_INFORMATION_FORMAT = dwarf;
				ENABLE_STRICT_OBJC_MSGSEND = YES;
				ENABLE_TESTABILITY = YES;
				GCC_C_LANGUAGE_STANDARD = gnu99;
				GCC_DYNAMIC_NO_PIC = NO;
				GCC_NO_COMMON_BLOCKS = YES;
				GCC_OPTIMIZATION_LEVEL = 0;
				GCC_PREPROCESSOR_DEFINITIONS = (
					"DEBUG=1",
					"$(inherited)",
				);
				GCC_WARN_64_TO_32_BIT_CONVERSION = YES;
				GCC_WARN_ABOUT_RETURN_TYPE = YES_ERROR;
				GCC_WARN_UNDECLARED_SELECTOR = YES;
				GCC_WARN_UNINITIALIZED_AUTOS = YES_AGGRESSIVE;
				GCC_WARN_UNUSED_FUNCTION = YES;
				GCC_WARN_UNUSED_VARIABLE = YES;
				IPHONEOS_DEPLOYMENT_TARGET = 10.2;
				MTL_ENABLE_DEBUG_INFO = YES;
				ONLY_ACTIVE_ARCH = YES;
				SDKROOT = iphoneos;
				SWIFT_ACTIVE_COMPILATION_CONDITIONS = DEBUG;
				SWIFT_OPTIMIZATION_LEVEL = "-Onone";
			};
			name = Debug;
		};
		9297C8FB1E029D9E00FF12D3 /* Release */ = {
			isa = XCBuildConfiguration;
			buildSettings = {
				ALWAYS_SEARCH_USER_PATHS = NO;
				CLANG_ANALYZER_NONNULL = YES;
				CLANG_CXX_LANGUAGE_STANDARD = "gnu++0x";
				CLANG_CXX_LIBRARY = "libc++";
				CLANG_ENABLE_MODULES = YES;
				CLANG_ENABLE_OBJC_ARC = YES;
				CLANG_WARN_BOOL_CONVERSION = YES;
				CLANG_WARN_CONSTANT_CONVERSION = YES;
				CLANG_WARN_DIRECT_OBJC_ISA_USAGE = YES_ERROR;
				CLANG_WARN_DOCUMENTATION_COMMENTS = YES;
				CLANG_WARN_EMPTY_BODY = YES;
				CLANG_WARN_ENUM_CONVERSION = YES;
				CLANG_WARN_INFINITE_RECURSION = YES;
				CLANG_WARN_INT_CONVERSION = YES;
				CLANG_WARN_OBJC_ROOT_CLASS = YES_ERROR;
				CLANG_WARN_SUSPICIOUS_MOVE = YES;
				CLANG_WARN_UNREACHABLE_CODE = YES;
				CLANG_WARN__DUPLICATE_METHOD_MATCH = YES;
				"CODE_SIGN_IDENTITY[sdk=iphoneos*]" = "iPhone Developer";
				COPY_PHASE_STRIP = NO;
				DEBUG_INFORMATION_FORMAT = "dwarf-with-dsym";
				ENABLE_NS_ASSERTIONS = NO;
				ENABLE_STRICT_OBJC_MSGSEND = YES;
				GCC_C_LANGUAGE_STANDARD = gnu99;
				GCC_NO_COMMON_BLOCKS = YES;
				GCC_WARN_64_TO_32_BIT_CONVERSION = YES;
				GCC_WARN_ABOUT_RETURN_TYPE = YES_ERROR;
				GCC_WARN_UNDECLARED_SELECTOR = YES;
				GCC_WARN_UNINITIALIZED_AUTOS = YES_AGGRESSIVE;
				GCC_WARN_UNUSED_FUNCTION = YES;
				GCC_WARN_UNUSED_VARIABLE = YES;
				IPHONEOS_DEPLOYMENT_TARGET = 10.2;
				MTL_ENABLE_DEBUG_INFO = NO;
				SDKROOT = iphoneos;
				SWIFT_OPTIMIZATION_LEVEL = "-Owholemodule";
				VALIDATE_PRODUCT = YES;
			};
			name = Release;
		};
		9297C8FD1E029D9E00FF12D3 /* Debug */ = {
			isa = XCBuildConfiguration;
			buildSettings = {
				ASSETCATALOG_COMPILER_APPICON_NAME = AppIcon;
				DEVELOPMENT_TEAM = VUF52DQTNX;
				INFOPLIST_FILE = CarouselEffect/Info.plist;
				LD_RUNPATH_SEARCH_PATHS = "$(inherited) @executable_path/Frameworks";
				PRODUCT_BUNDLE_IDENTIFIER = com.cc.CarouselEffect;
				PRODUCT_NAME = "$(TARGET_NAME)";
				SWIFT_VERSION = 3.0;
			};
			name = Debug;
		};
		9297C8FE1E029D9E00FF12D3 /* Release */ = {
			isa = XCBuildConfiguration;
			buildSettings = {
				ASSETCATALOG_COMPILER_APPICON_NAME = AppIcon;
				DEVELOPMENT_TEAM = VUF52DQTNX;
				INFOPLIST_FILE = CarouselEffect/Info.plist;
				LD_RUNPATH_SEARCH_PATHS = "$(inherited) @executable_path/Frameworks";
				PRODUCT_BUNDLE_IDENTIFIER = com.cc.CarouselEffect;
				PRODUCT_NAME = "$(TARGET_NAME)";
				SWIFT_VERSION = 3.0;
			};
			name = Release;
		};
/* End XCBuildConfiguration section */

/* Begin XCConfigurationList section */
		9297C8E51E029D9E00FF12D3 /* Build configuration list for PBXProject "CarouselEffect" */ = {
			isa = XCConfigurationList;
			buildConfigurations = (
				9297C8FA1E029D9E00FF12D3 /* Debug */,
				9297C8FB1E029D9E00FF12D3 /* Release */,
			);
			defaultConfigurationIsVisible = 0;
			defaultConfigurationName = Release;
		};
		9297C8FC1E029D9E00FF12D3 /* Build configuration list for PBXNativeTarget "CarouselEffect" */ = {
			isa = XCConfigurationList;
			buildConfigurations = (
				9297C8FD1E029D9E00FF12D3 /* Debug */,
				9297C8FE1E029D9E00FF12D3 /* Release */,
			);
			defaultConfigurationIsVisible = 0;
		};
/* End XCConfigurationList section */
	};
	rootObject = 9297C8E21E029D9E00FF12D3 /* Project object */;
}
