// !$*UTF8*$!
{
	archiveVersion = 1;
	classes = {
	};
	objectVersion = 46;
	objects = {

/* Begin PBXBuildFile section */
		92B8E1421E03C8D3005BFDCB /* AppDelegate.swift in Sources */ = {isa = PBXBuildFile; fileRef = 92B8E1411E03C8D3005BFDCB /* AppDelegate.swift */; };
		92B8E1441E03C8D3005BFDCB /* ViewController.swift in Sources */ = {isa = PBXBuildFile; fileRef = 92B8E1431E03C8D3005BFDCB /* ViewController.swift */; };
		92B8E1471E03C8D3005BFDCB /* Main.storyboard in Resources */ = {isa = PBXBuildFile; fileRef = 92B8E1451E03C8D3005BFDCB /* Main.storyboard */; };
		92B8E1491E03C8D3005BFDCB /* Assets.xcassets in Resources */ = {isa = PBXBuildFile; fileRef = 92B8E1481E03C8D3005BFDCB /* Assets.xcassets */; };
		92B8E14C1E03C8D3005BFDCB /* LaunchScreen.storyboard in Resources */ = {isa = PBXBuildFile; fileRef = 92B8E14A1E03C8D3005BFDCB /* LaunchScreen.storyboard */; };
/* End PBXBuildFile section */

/* Begin PBXFileReference section */
		92B8E13E1E03C8D3005BFDCB /* Where.app */ = {isa = PBXFileReference; explicitFileType = wrapper.application; includeInIndex = 0; path = Where.app; sourceTree = BUILT_PRODUCTS_DIR; };
		92B8E1411E03C8D3005BFDCB /* AppDelegate.swift */ = {isa = PBXFileReference; lastKnownFileType = sourcecode.swift; path = AppDelegate.swift; sourceTree = "<group>"; };
		92B8E1431E03C8D3005BFDCB /* ViewController.swift */ = {isa = PBXFileReference; lastKnownFileType = sourcecode.swift; path = ViewController.swift; sourceTree = "<group>"; };
		92B8E1461E03C8D3005BFDCB /* Base */ = {isa = PBXFileReference; lastKnownFileType = file.storyboard; name = Base; path = Base.lproj/Main.storyboard; sourceTree = "<group>"; };
		92B8E1481E03C8D3005BFDCB /* Assets.xcassets */ = {isa = PBXFileReference; lastKnownFileType = folder.assetcatalog; path = Assets.xcassets; sourceTree = "<group>"; };
		92B8E14B1E03C8D3005BFDCB /* Base */ = {isa = PBXFileReference; lastKnownFileType = file.storyboard; name = Base; path = Base.lproj/LaunchScreen.storyboard; sourceTree = "<group>"; };
		92B8E14D1E03C8D3005BFDCB /* Info.plist */ = {isa = PBXFileReference; lastKnownFileType = text.plist.xml; path = Info.plist; sourceTree = "<group>"; };
/* End PBXFileReference section */

/* Begin PBXFrameworksBuildPhase section */
		92B8E13B1E03C8D3005BFDCB /* Frameworks */ = {
			isa = PBXFrameworksBuildPhase;
			buildActionMask = 2147483647;
			files = (
			);
			runOnlyForDeploymentPostprocessing = 0;
		};
/* End PBXFrameworksBuildPhase section */

/* Begin PBXGroup section */
		92B8E1351E03C8D3005BFDCB = {
			isa = PBXGroup;
			children = (
				92B8E1401E03C8D3005BFDCB /* Where */,
				92B8E13F1E03C8D3005BFDCB /* Products */,
			);
			sourceTree = "<group>";
		};
		92B8E13F1E03C8D3005BFDCB /* Products */ = {
			isa = PBXGroup;
			children = (
				92B8E13E1E03C8D3005BFDCB /* Where.app */,
			);
			name = Products;
			sourceTree = "<group>";
		};
		92B8E1401E03C8D3005BFDCB /* Where */ = {
			isa = PBXGroup;
			children = (
				92B8E1411E03C8D3005BFDCB /* AppDelegate.swift */,
				92B8E1431E03C8D3005BFDCB /* ViewController.swift */,
				92B8E1451E03C8D3005BFDCB /* Main.storyboard */,
				92B8E1481E03C8D3005BFDCB /* Assets.xcassets */,
				92B8E14A1E03C8D3005BFDCB /* LaunchScreen.storyboard */,
				92B8E14D1E03C8D3005BFDCB /* Info.plist */,
			);
			path = Where;
			sourceTree = "<group>";
		};
/* End PBXGroup section */

/* Begin PBXNativeTarget section */
		92B8E13D1E03C8D3005BFDCB /* Where */ = {
			isa = PBXNativeTarget;
			buildConfigurationList = 92B8E1501E03C8D3005BFDCB /* Build configuration list for PBXNativeTarget "Where" */;
			buildPhases = (
				92B8E13A1E03C8D3005BFDCB /* Sources */,
				92B8E13B1E03C8D3005BFDCB /* Frameworks */,
				92B8E13C1E03C8D3005BFDCB /* Resources */,
			);
			buildRules = (
			);
			dependencies = (
			);
			name = Where;
			productName = Where;
			productReference = 92B8E13E1E03C8D3005BFDCB /* Where.app */;
			productType = "com.apple.product-type.application";
		};
/* End PBXNativeTarget section */

/* Begin PBXProject section */
		92B8E1361E03C8D3005BFDCB /* Project object */ = {
			isa = PBXProject;
			attributes = {
				LastSwiftUpdateCheck = 0820;
				LastUpgradeCheck = 0820;
				ORGANIZATIONNAME = CC;
				TargetAttributes = {
					92B8E13D1E03C8D3005BFDCB = {
						CreatedOnToolsVersion = 8.2;
						DevelopmentTeam = VUF52DQTNX;
						ProvisioningStyle = Automatic;
					};
				};
			};
			buildConfigurationList = 92B8E1391E03C8D3005BFDCB /* Build configuration list for PBXProject "Where" */;
			compatibilityVersion = "Xcode 3.2";
			developmentRegion = English;
			hasScannedForEncodings = 0;
			knownRegions = (
				en,
				Base,
			);
			mainGroup = 92B8E1351E03C8D3005BFDCB;
			productRefGroup = 92B8E13F1E03C8D3005BFDCB /* Products */;
			projectDirPath = "";
			projectRoot = "";
			targets = (
				92B8E13D1E03C8D3005BFDCB /* Where */,
			);
		};
/* End PBXProject section */

/* Begin PBXResourcesBuildPhase section */
		92B8E13C1E03C8D3005BFDCB /* Resources */ = {
			isa = PBXResourcesBuildPhase;
			buildActionMask = 2147483647;
			files = (
				92B8E14C1E03C8D3005BFDCB /* LaunchScreen.storyboard in Resources */,
				92B8E1491E03C8D3005BFDCB /* Assets.xcassets in Resources */,
				92B8E1471E03C8D3005BFDCB /* Main.storyboard in Resources */,
			);
			runOnlyForDeploymentPostprocessing = 0;
		};
/* End PBXResourcesBuildPhase section */

/* Begin PBXSourcesBuildPhase section */
		92B8E13A1E03C8D3005BFDCB /* Sources */ = {
			isa = PBXSourcesBuildPhase;
			buildActionMask = 2147483647;
			files = (
				92B8E1441E03C8D3005BFDCB /* ViewController.swift in Sources */,
				92B8E1421E03C8D3005BFDCB /* AppDelegate.swift in Sources */,
			);
			runOnlyForDeploymentPostprocessing = 0;
		};
/* End PBXSourcesBuildPhase section */

/* Begin PBXVariantGroup section */
		92B8E1451E03C8D3005BFDCB /* Main.storyboard */ = {
			isa = PBXVariantGroup;
			children = (
				92B8E1461E03C8D3005BFDCB /* Base */,
			);
			name = Main.storyboard;
			sourceTree = "<group>";
		};
		92B8E14A1E03C8D3005BFDCB /* LaunchScreen.storyboard */ = {
			isa = PBXVariantGroup;
			children = (
				92B8E14B1E03C8D3005BFDCB /* Base */,
			);
			name = LaunchScreen.storyboard;
			sourceTree = "<group>";
		};
/* End PBXVariantGroup section */

/* Begin XCBuildConfiguration section */
		92B8E14E1E03C8D3005BFDCB /* Debug */ = {
			isa = XCBuildConfiguration;
			buildSettings = {
				ALWAYS_SEARCH_USER_PATHS = NO;
				CLANG_ANALYZER_NONNULL = YES;
				CLANG_CXX_LANGUAGE_STANDARD = "gnu++0x";
				CLANG_CXX_LIBRARY = "libc++";
				CLANG_ENABLE_MODULES = YES;
				CLANG_ENABLE_OBJC_ARC = YES;
				CLANG_WARN_BOOL_CONVERSION = YES;
				CLANG_WARN_CONSTANT_CONVERSION = YES;
				CLANG_WARN_DIRECT_OBJC_ISA_USAGE = YES_ERROR;
				CLANG_WARN_DOCUMENTATION_COMMENTS = YES;
				CLANG_WARN_EMPTY_BODY = YES;
				CLANG_WARN_ENUM_CONVERSION = YES;
				CLANG_WARN_INFINITE_RECURSION = YES;
				CLANG_WARN_INT_CONVERSION = YES;
				CLANG_WARN_OBJC_ROOT_CLASS = YES_ERROR;
				CLANG_WARN_SUSPICIOUS_MOVE = YES;
				CLANG_WARN_UNREACHABLE_CODE = YES;
				CLANG_WARN__DUPLICATE_METHOD_MATCH = YES;
				"CODE_SIGN_IDENTITY[sdk=iphoneos*]" = "iPhone Developer";
				COPY_PHASE_STRIP = NO;
				DEBUG_INFORMATION_FORMAT = dwarf;
				ENABLE_STRICT_OBJC_MSGSEND = YES;
				ENABLE_TESTABILITY = YES;
				GCC_C_LANGUAGE_STANDARD = gnu99;
				GCC_DYNAMIC_NO_PIC = NO;
				GCC_NO_COMMON_BLOCKS = YES;
				GCC_OPTIMIZATION_LEVEL = 0;
				GCC_PREPROCESSOR_DEFINITIONS = (
					"DEBUG=1",
					"$(inherited)",
				);
				GCC_WARN_64_TO_32_BIT_CONVERSION = YES;
				GCC_WARN_ABOUT_RETURN_TYPE = YES_ERROR;
				GCC_WARN_UNDECLARED_SELECTOR = YES;
				GCC_WARN_UNINITIALIZED_AUTOS = YES_AGGRESSIVE;
				GCC_WARN_UNUSED_FUNCTION = YES;
				GCC_WARN_UNUSED_VARIABLE = YES;
				IPHONEOS_DEPLOYMENT_TARGET = 10.2;
				MTL_ENABLE_DEBUG_INFO = YES;
				ONLY_ACTIVE_ARCH = YES;
				SDKROOT = iphoneos;
				SWIFT_ACTIVE_COMPILATION_CONDITIONS = DEBUG;
				SWIFT_OPTIMIZATION_LEVEL = "-Onone";
			};
			name = Debug;
		};
		92B8E14F1E03C8D3005BFDCB /* Release */ = {
			isa = XCBuildConfiguration;
			buildSettings = {
				ALWAYS_SEARCH_USER_PATHS = NO;
				CLANG_ANALYZER_NONNULL = YES;
				CLANG_CXX_LANGUAGE_STANDARD = "gnu++0x";
				CLANG_CXX_LIBRARY = "libc++";
				CLANG_ENABLE_MODULES = YES;
				CLANG_ENABLE_OBJC_ARC = YES;
				CLANG_WARN_BOOL_CONVERSION = YES;
				CLANG_WARN_CONSTANT_CONVERSION = YES;
				CLANG_WARN_DIRECT_OBJC_ISA_USAGE = YES_ERROR;
				CLANG_WARN_DOCUMENTATION_COMMENTS = YES;
				CLANG_WARN_EMPTY_BODY = YES;
				CLANG_WARN_ENUM_CONVERSION = YES;
				CLANG_WARN_INFINITE_RECURSION = YES;
				CLANG_WARN_INT_CONVERSION = YES;
				CLANG_WARN_OBJC_ROOT_CLASS = YES_ERROR;
				CLANG_WARN_SUSPICIOUS_MOVE = YES;
				CLANG_WARN_UNREACHABLE_CODE = YES;
				CLANG_WARN__DUPLICATE_METHOD_MATCH = YES;
				"CODE_SIGN_IDENTITY[sdk=iphoneos*]" = "iPhone Developer";
				COPY_PHASE_STRIP = NO;
				DEBUG_INFORMATION_FORMAT = "dwarf-with-dsym";
				ENABLE_NS_ASSERTIONS = NO;
				ENABLE_STRICT_OBJC_MSGSEND = YES;
				GCC_C_LANGUAGE_STANDARD = gnu99;
				GCC_NO_COMMON_BLOCKS = YES;
				GCC_WARN_64_TO_32_BIT_CONVERSION = YES;
				GCC_WARN_ABOUT_RETURN_TYPE = YES_ERROR;
				GCC_WARN_UNDECLARED_SELECTOR = YES;
				GCC_WARN_UNINITIALIZED_AUTOS = YES_AGGRESSIVE;
				GCC_WARN_UNUSED_FUNCTION = YES;
				GCC_WARN_UNUSED_VARIABLE = YES;
				IPHONEOS_DEPLOYMENT_TARGET = 10.2;
				MTL_ENABLE_DEBUG_INFO = NO;
				SDKROOT = iphoneos;
				SWIFT_OPTIMIZATION_LEVEL = "-Owholemodule";
				VALIDATE_PRODUCT = YES;
			};
			name = Release;
		};
		92B8E1511E03C8D3005BFDCB /* Debug */ = {
			isa = XCBuildConfiguration;
			buildSettings = {
				ASSETCATALOG_COMPILER_APPICON_NAME = AppIcon;
				DEVELOPMENT_TEAM = VUF52DQTNX;
				INFOPLIST_FILE = Where/Info.plist;
				LD_RUNPATH_SEARCH_PATHS = "$(inherited) @executable_path/Frameworks";
				PRODUCT_BUNDLE_IDENTIFIER = com.cc.Where;
				PRODUCT_NAME = "$(TARGET_NAME)";
				SWIFT_VERSION = 3.0;
			};
			name = Debug;
		};
		92B8E1521E03C8D3005BFDCB /* Release */ = {
			isa = XCBuildConfiguration;
			buildSettings = {
				ASSETCATALOG_COMPILER_APPICON_NAME = AppIcon;
				DEVELOPMENT_TEAM = VUF52DQTNX;
				INFOPLIST_FILE = Where/Info.plist;
				LD_RUNPATH_SEARCH_PATHS = "$(inherited) @executable_path/Frameworks";
				PRODUCT_BUNDLE_IDENTIFIER = com.cc.Where;
				PRODUCT_NAME = "$(TARGET_NAME)";
				SWIFT_VERSION = 3.0;
			};
			name = Release;
		};
/* End XCBuildConfiguration section */

/* Begin XCConfigurationList section */
		92B8E1391E03C8D3005BFDCB /* Build configuration list for PBXProject "Where" */ = {
			isa = XCConfigurationList;
			buildConfigurations = (
				92B8E14E1E03C8D3005BFDCB /* Debug */,
				92B8E14F1E03C8D3005BFDCB /* Release */,
			);
			defaultConfigurationIsVisible = 0;
			defaultConfigurationName = Release;
		};
		92B8E1501E03C8D3005BFDCB /* Build configuration list for PBXNativeTarget "Where" */ = {
			isa = XCConfigurationList;
			buildConfigurations = (
				92B8E1511E03C8D3005BFDCB /* Debug */,
				92B8E1521E03C8D3005BFDCB /* Release */,
			);
			defaultConfigurationIsVisible = 0;
		};
/* End XCConfigurationList section */
	};
	rootObject = 92B8E1361E03C8D3005BFDCB /* Project object */;
}
