// !$*UTF8*$!
{
	archiveVersion = 1;
	classes = {
	};
	objectVersion = 46;
	objects = {

/* Begin PBXBuildFile section */
		9238DE191E0CCE3F004B4CBD /* AppDelegate.swift in Sources */ = {isa = PBXBuildFile; fileRef = 9238DE181E0CCE3F004B4CBD /* AppDelegate.swift */; };
		9238DE1B1E0CCE3F004B4CBD /* ViewController.swift in Sources */ = {isa = PBXBuildFile; fileRef = 9238DE1A1E0CCE3F004B4CBD /* ViewController.swift */; };
		9238DE1E1E0CCE3F004B4CBD /* Main.storyboard in Resources */ = {isa = PBXBuildFile; fileRef = 9238DE1C1E0CCE3F004B4CBD /* Main.storyboard */; };
		9238DE201E0CCE3F004B4CBD /* Assets.xcassets in Resources */ = {isa = PBXBuildFile; fileRef = 9238DE1F1E0CCE3F004B4CBD /* Assets.xcassets */; };
		9238DE231E0CCE3F004B4CBD /* LaunchScreen.storyboard in Resources */ = {isa = PBXBuildFile; fileRef = 9238DE211E0CCE3F004B4CBD /* LaunchScreen.storyboard */; };
		9238DE2D1E0D1F0C004B4CBD /* MenuViewController.swift in Sources */ = {isa = PBXBuildFile; fileRef = 9238DE2C1E0D1F0C004B4CBD /* MenuViewController.swift */; };
		9238DE2F1E0D205D004B4CBD /* MenuTransitionManager.swift in Sources */ = {isa = PBXBuildFile; fileRef = 9238DE2E1E0D205D004B4CBD /* MenuTransitionManager.swift */; };
/* End PBXBuildFile section */

/* Begin PBXFileReference section */
		9238DE151E0CCE3F004B4CBD /* TrumblrMenu.app */ = {isa = PBXFileReference; explicitFileType = wrapper.application; includeInIndex = 0; path = TrumblrMenu.app; sourceTree = BUILT_PRODUCTS_DIR; };
		9238DE181E0CCE3F004B4CBD /* AppDelegate.swift */ = {isa = PBXFileReference; lastKnownFileType = sourcecode.swift; path = AppDelegate.swift; sourceTree = "<group>"; };
		9238DE1A1E0CCE3F004B4CBD /* ViewController.swift */ = {isa = PBXFileReference; lastKnownFileType = sourcecode.swift; path = ViewController.swift; sourceTree = "<group>"; };
		9238DE1D1E0CCE3F004B4CBD /* Base */ = {isa = PBXFileReference; lastKnownFileType = file.storyboard; name = Base; path = Base.lproj/Main.storyboard; sourceTree = "<group>"; };
		9238DE1F1E0CCE3F004B4CBD /* Assets.xcassets */ = {isa = PBXFileReference; lastKnownFileType = folder.assetcatalog; path = Assets.xcassets; sourceTree = "<group>"; };
		9238DE221E0CCE3F004B4CBD /* Base */ = {isa = PBXFileReference; lastKnownFileType = file.storyboard; name = Base; path = Base.lproj/LaunchScreen.storyboard; sourceTree = "<group>"; };
		9238DE241E0CCE3F004B4CBD /* Info.plist */ = {isa = PBXFileReference; lastKnownFileType = text.plist.xml; path = Info.plist; sourceTree = "<group>"; };
		9238DE2C1E0D1F0C004B4CBD /* MenuViewController.swift */ = {isa = PBXFileReference; fileEncoding = 4; lastKnownFileType = sourcecode.swift; path = MenuViewController.swift; sourceTree = "<group>"; };
		9238DE2E1E0D205D004B4CBD /* MenuTransitionManager.swift */ = {isa = PBXFileReference; fileEncoding = 4; lastKnownFileType = sourcecode.swift; path = MenuTransitionManager.swift; sourceTree = "<group>"; };
/* End PBXFileReference section */

/* Begin PBXFrameworksBuildPhase section */
		9238DE121E0CCE3F004B4CBD /* Frameworks */ = {
			isa = PBXFrameworksBuildPhase;
			buildActionMask = 2147483647;
			files = (
			);
			runOnlyForDeploymentPostprocessing = 0;
		};
/* End PBXFrameworksBuildPhase section */

/* Begin PBXGroup section */
		9238DE0C1E0CCE3F004B4CBD = {
			isa = PBXGroup;
			children = (
				9238DE171E0CCE3F004B4CBD /* TrumblrMenu */,
				9238DE161E0CCE3F004B4CBD /* Products */,
			);
			sourceTree = "<group>";
		};
		9238DE161E0CCE3F004B4CBD /* Products */ = {
			isa = PBXGroup;
			children = (
				9238DE151E0CCE3F004B4CBD /* TrumblrMenu.app */,
			);
			name = Products;
			sourceTree = "<group>";
		};
		9238DE171E0CCE3F004B4CBD /* TrumblrMenu */ = {
			isa = PBXGroup;
			children = (
				9238DE181E0CCE3F004B4CBD /* AppDelegate.swift */,
				9238DE1A1E0CCE3F004B4CBD /* ViewController.swift */,
				9238DE2C1E0D1F0C004B4CBD /* MenuViewController.swift */,
				9238DE2E1E0D205D004B4CBD /* MenuTransitionManager.swift */,
				9238DE1C1E0CCE3F004B4CBD /* Main.storyboard */,
				9238DE1F1E0CCE3F004B4CBD /* Assets.xcassets */,
				9238DE211E0CCE3F004B4CBD /* LaunchScreen.storyboard */,
				9238DE241E0CCE3F004B4CBD /* Info.plist */,
			);
			path = TrumblrMenu;
			sourceTree = "<group>";
		};
/* End PBXGroup section */

/* Begin PBXNativeTarget section */
		9238DE141E0CCE3F004B4CBD /* TrumblrMenu */ = {
			isa = PBXNativeTarget;
			buildConfigurationList = 9238DE271E0CCE3F004B4CBD /* Build configuration list for PBXNativeTarget "TrumblrMenu" */;
			buildPhases = (
				9238DE111E0CCE3F004B4CBD /* Sources */,
				9238DE121E0CCE3F004B4CBD /* Frameworks */,
				9238DE131E0CCE3F004B4CBD /* Resources */,
			);
			buildRules = (
			);
			dependencies = (
			);
			name = TrumblrMenu;
			productName = TrumblrMenu;
			productReference = 9238DE151E0CCE3F004B4CBD /* TrumblrMenu.app */;
			productType = "com.apple.product-type.application";
		};
/* End PBXNativeTarget section */

/* Begin PBXProject section */
		9238DE0D1E0CCE3F004B4CBD /* Project object */ = {
			isa = PBXProject;
			attributes = {
				LastSwiftUpdateCheck = 0820;
				LastUpgradeCheck = 0820;
				ORGANIZATIONNAME = CC;
				TargetAttributes = {
					9238DE141E0CCE3F004B4CBD = {
						CreatedOnToolsVersion = 8.2;
						DevelopmentTeam = E463NEC4R3;
						ProvisioningStyle = Automatic;
					};
				};
			};
			buildConfigurationList = 9238DE101E0CCE3F004B4CBD /* Build configuration list for PBXProject "TrumblrMenu" */;
			compatibilityVersion = "Xcode 3.2";
			developmentRegion = English;
			hasScannedForEncodings = 0;
			knownRegions = (
				en,
				Base,
			);
			mainGroup = 9238DE0C1E0CCE3F004B4CBD;
			productRefGroup = 9238DE161E0CCE3F004B4CBD /* Products */;
			projectDirPath = "";
			projectRoot = "";
			targets = (
				9238DE141E0CCE3F004B4CBD /* TrumblrMenu */,
			);
		};
/* End PBXProject section */

/* Begin PBXResourcesBuildPhase section */
		9238DE131E0CCE3F004B4CBD /* Resources */ = {
			isa = PBXResourcesBuildPhase;
			buildActionMask = 2147483647;
			files = (
				9238DE231E0CCE3F004B4CBD /* LaunchScreen.storyboard in Resources */,
				9238DE201E0CCE3F004B4CBD /* Assets.xcassets in Resources */,
				9238DE1E1E0CCE3F004B4CBD /* Main.storyboard in Resources */,
			);
			runOnlyForDeploymentPostprocessing = 0;
		};
/* End PBXResourcesBuildPhase section */

/* Begin PBXSourcesBuildPhase section */
		9238DE111E0CCE3F004B4CBD /* Sources */ = {
			isa = PBXSourcesBuildPhase;
			buildActionMask = 2147483647;
			files = (
				9238DE1B1E0CCE3F004B4CBD /* ViewController.swift in Sources */,
				9238DE2F1E0D205D004B4CBD /* MenuTransitionManager.swift in Sources */,
				9238DE2D1E0D1F0C004B4CBD /* MenuViewController.swift in Sources */,
				9238DE191E0CCE3F004B4CBD /* AppDelegate.swift in Sources */,
			);
			runOnlyForDeploymentPostprocessing = 0;
		};
/* End PBXSourcesBuildPhase section */

/* Begin PBXVariantGroup section */
		9238DE1C1E0CCE3F004B4CBD /* Main.storyboard */ = {
			isa = PBXVariantGroup;
			children = (
				9238DE1D1E0CCE3F004B4CBD /* Base */,
			);
			name = Main.storyboard;
			sourceTree = "<group>";
		};
		9238DE211E0CCE3F004B4CBD /* LaunchScreen.storyboard */ = {
			isa = PBXVariantGroup;
			children = (
				9238DE221E0CCE3F004B4CBD /* Base */,
			);
			name = LaunchScreen.storyboard;
			sourceTree = "<group>";
		};
/* End PBXVariantGroup section */

/* Begin XCBuildConfiguration section */
		9238DE251E0CCE3F004B4CBD /* Debug */ = {
			isa = XCBuildConfiguration;
			buildSettings = {
				ALWAYS_SEARCH_USER_PATHS = NO;
				CLANG_ANALYZER_NONNULL = YES;
				CLANG_CXX_LANGUAGE_STANDARD = "gnu++0x";
				CLANG_CXX_LIBRARY = "libc++";
				CLANG_ENABLE_MODULES = YES;
				CLANG_ENABLE_OBJC_ARC = YES;
				CLANG_WARN_BOOL_CONVERSION = YES;
				CLANG_WARN_CONSTANT_CONVERSION = YES;
				CLANG_WARN_DIRECT_OBJC_ISA_USAGE = YES_ERROR;
				CLANG_WARN_DOCUMENTATION_COMMENTS = YES;
				CLANG_WARN_EMPTY_BODY = YES;
				CLANG_WARN_ENUM_CONVERSION = YES;
				CLANG_WARN_INFINITE_RECURSION = YES;
				CLANG_WARN_INT_CONVERSION = YES;
				CLANG_WARN_OBJC_ROOT_CLASS = YES_ERROR;
				CLANG_WARN_SUSPICIOUS_MOVE = YES;
				CLANG_WARN_UNREACHABLE_CODE = YES;
				CLANG_WARN__DUPLICATE_METHOD_MATCH = YES;
				"CODE_SIGN_IDENTITY[sdk=iphoneos*]" = "iPhone Developer";
				COPY_PHASE_STRIP = NO;
				DEBUG_INFORMATION_FORMAT = dwarf;
				ENABLE_STRICT_OBJC_MSGSEND = YES;
				ENABLE_TESTABILITY = YES;
				GCC_C_LANGUAGE_STANDARD = gnu99;
				GCC_DYNAMIC_NO_PIC = NO;
				GCC_NO_COMMON_BLOCKS = YES;
				GCC_OPTIMIZATION_LEVEL = 0;
				GCC_PREPROCESSOR_DEFINITIONS = (
					"DEBUG=1",
					"$(inherited)",
				);
				GCC_WARN_64_TO_32_BIT_CONVERSION = YES;
				GCC_WARN_ABOUT_RETURN_TYPE = YES_ERROR;
				GCC_WARN_UNDECLARED_SELECTOR = YES;
				GCC_WARN_UNINITIALIZED_AUTOS = YES_AGGRESSIVE;
				GCC_WARN_UNUSED_FUNCTION = YES;
				GCC_WARN_UNUSED_VARIABLE = YES;
				IPHONEOS_DEPLOYMENT_TARGET = 10.2;
				MTL_ENABLE_DEBUG_INFO = YES;
				ONLY_ACTIVE_ARCH = YES;
				SDKROOT = iphoneos;
				SWIFT_ACTIVE_COMPILATION_CONDITIONS = DEBUG;
				SWIFT_OPTIMIZATION_LEVEL = "-Onone";
			};
			name = Debug;
		};
		9238DE261E0CCE3F004B4CBD /* Release */ = {
			isa = XCBuildConfiguration;
			buildSettings = {
				ALWAYS_SEARCH_USER_PATHS = NO;
				CLANG_ANALYZER_NONNULL = YES;
				CLANG_CXX_LANGUAGE_STANDARD = "gnu++0x";
				CLANG_CXX_LIBRARY = "libc++";
				CLANG_ENABLE_MODULES = YES;
				CLANG_ENABLE_OBJC_ARC = YES;
				CLANG_WARN_BOOL_CONVERSION = YES;
				CLANG_WARN_CONSTANT_CONVERSION = YES;
				CLANG_WARN_DIRECT_OBJC_ISA_USAGE = YES_ERROR;
				CLANG_WARN_DOCUMENTATION_COMMENTS = YES;
				CLANG_WARN_EMPTY_BODY = YES;
				CLANG_WARN_ENUM_CONVERSION = YES;
				CLANG_WARN_INFINITE_RECURSION = YES;
				CLANG_WARN_INT_CONVERSION = YES;
				CLANG_WARN_OBJC_ROOT_CLASS = YES_ERROR;
				CLANG_WARN_SUSPICIOUS_MOVE = YES;
				CLANG_WARN_UNREACHABLE_CODE = YES;
				CLANG_WARN__DUPLICATE_METHOD_MATCH = YES;
				"CODE_SIGN_IDENTITY[sdk=iphoneos*]" = "iPhone Developer";
				COPY_PHASE_STRIP = NO;
				DEBUG_INFORMATION_FORMAT = "dwarf-with-dsym";
				ENABLE_NS_ASSERTIONS = NO;
				ENABLE_STRICT_OBJC_MSGSEND = YES;
				GCC_C_LANGUAGE_STANDARD = gnu99;
				GCC_NO_COMMON_BLOCKS = YES;
				GCC_WARN_64_TO_32_BIT_CONVERSION = YES;
				GCC_WARN_ABOUT_RETURN_TYPE = YES_ERROR;
				GCC_WARN_UNDECLARED_SELECTOR = YES;
				GCC_WARN_UNINITIALIZED_AUTOS = YES_AGGRESSIVE;
				GCC_WARN_UNUSED_FUNCTION = YES;
				GCC_WARN_UNUSED_VARIABLE = YES;
				IPHONEOS_DEPLOYMENT_TARGET = 10.2;
				MTL_ENABLE_DEBUG_INFO = NO;
				SDKROOT = iphoneos;
				SWIFT_OPTIMIZATION_LEVEL = "-Owholemodule";
				VALIDATE_PRODUCT = YES;
			};
			name = Release;
		};
		9238DE281E0CCE3F004B4CBD /* Debug */ = {
			isa = XCBuildConfiguration;
			buildSettings = {
				ASSETCATALOG_COMPILER_APPICON_NAME = AppIcon;
				DEVELOPMENT_TEAM = E463NEC4R3;
				INFOPLIST_FILE = TrumblrMenu/Info.plist;
				IPHONEOS_DEPLOYMENT_TARGET = 9.0;
				LD_RUNPATH_SEARCH_PATHS = "$(inherited) @executable_path/Frameworks";
				PRODUCT_BUNDLE_IDENTIFIER = com.cc.TrumblrMenu;
				PRODUCT_NAME = "$(TARGET_NAME)";
				SWIFT_VERSION = 3.0;
			};
			name = Debug;
		};
		9238DE291E0CCE3F004B4CBD /* Release */ = {
			isa = XCBuildConfiguration;
			buildSettings = {
				ASSETCATALOG_COMPILER_APPICON_NAME = AppIcon;
				DEVELOPMENT_TEAM = E463NEC4R3;
				INFOPLIST_FILE = TrumblrMenu/Info.plist;
				IPHONEOS_DEPLOYMENT_TARGET = 9.0;
				LD_RUNPATH_SEARCH_PATHS = "$(inherited) @executable_path/Frameworks";
				PRODUCT_BUNDLE_IDENTIFIER = com.cc.TrumblrMenu;
				PRODUCT_NAME = "$(TARGET_NAME)";
				SWIFT_VERSION = 3.0;
			};
			name = Release;
		};
/* End XCBuildConfiguration section */

/* Begin XCConfigurationList section */
		9238DE101E0CCE3F004B4CBD /* Build configuration list for PBXProject "TrumblrMenu" */ = {
			isa = XCConfigurationList;
			buildConfigurations = (
				9238DE251E0CCE3F004B4CBD /* Debug */,
				9238DE261E0CCE3F004B4CBD /* Release */,
			);
			defaultConfigurationIsVisible = 0;
			defaultConfigurationName = Release;
		};
		9238DE271E0CCE3F004B4CBD /* Build configuration list for PBXNativeTarget "TrumblrMenu" */ = {
			isa = XCConfigurationList;
			buildConfigurations = (
				9238DE281E0CCE3F004B4CBD /* Debug */,
				9238DE291E0CCE3F004B4CBD /* Release */,
			);
			defaultConfigurationIsVisible = 0;
		};
/* End XCConfigurationList section */
	};
	rootObject = 9238DE0D1E0CCE3F004B4CBD /* Project object */;
}
