// !$*UTF8*$!
{
	archiveVersion = 1;
	classes = {
	};
	objectVersion = 46;
	objects = {

/* Begin PBXBuildFile section */
		9297C8C41E02797600FF12D3 /* AppDelegate.swift in Sources */ = {isa = PBXBuildFile; fileRef = 9297C8C31E02797600FF12D3 /* AppDelegate.swift */; };
		9297C8C61E02797600FF12D3 /* ViewController.swift in Sources */ = {isa = PBXBuildFile; fileRef = 9297C8C51E02797600FF12D3 /* ViewController.swift */; };
		9297C8C91E02797600FF12D3 /* Main.storyboard in Resources */ = {isa = PBXBuildFile; fileRef = 9297C8C71E02797600FF12D3 /* Main.storyboard */; };
		9297C8CB1E02797600FF12D3 /* Assets.xcassets in Resources */ = {isa = PBXBuildFile; fileRef = 9297C8CA1E02797600FF12D3 /* Assets.xcassets */; };
		9297C8CE1E02797600FF12D3 /* LaunchScreen.storyboard in Resources */ = {isa = PBXBuildFile; fileRef = 9297C8CC1E02797600FF12D3 /* LaunchScreen.storyboard */; };
		9297C8D71E027A6600FF12D3 /* LeftViewController.swift in Sources */ = {isa = PBXBuildFile; fileRef = 9297C8D51E027A6600FF12D3 /* LeftViewController.swift */; };
		9297C8D81E027A6600FF12D3 /* LeftViewController.xib in Resources */ = {isa = PBXBuildFile; fileRef = 9297C8D61E027A6600FF12D3 /* LeftViewController.xib */; };
		9297C8DB1E027A7D00FF12D3 /* RightViewController.swift in Sources */ = {isa = PBXBuildFile; fileRef = 9297C8D91E027A7D00FF12D3 /* RightViewController.swift */; };
		9297C8DC1E027A7D00FF12D3 /* RightViewController.xib in Resources */ = {isa = PBXBuildFile; fileRef = 9297C8DA1E027A7D00FF12D3 /* RightViewController.xib */; };
		9297C8DF1E027AA500FF12D3 /* CameraViewController.swift in Sources */ = {isa = PBXBuildFile; fileRef = 9297C8DD1E027AA500FF12D3 /* CameraViewController.swift */; };
		9297C8E01E027AA500FF12D3 /* CameraViewController.xib in Resources */ = {isa = PBXBuildFile; fileRef = 9297C8DE1E027AA500FF12D3 /* CameraViewController.xib */; };
/* End PBXBuildFile section */

/* Begin PBXFileReference section */
		9297C8C01E02797600FF12D3 /* SnapshotMenu.app */ = {isa = PBXFileReference; explicitFileType = wrapper.application; includeInIndex = 0; path = SnapshotMenu.app; sourceTree = BUILT_PRODUCTS_DIR; };
		9297C8C31E02797600FF12D3 /* AppDelegate.swift */ = {isa = PBXFileReference; lastKnownFileType = sourcecode.swift; path = AppDelegate.swift; sourceTree = "<group>"; };
		9297C8C51E02797600FF12D3 /* ViewController.swift */ = {isa = PBXFileReference; lastKnownFileType = sourcecode.swift; path = ViewController.swift; sourceTree = "<group>"; };
		9297C8C81E02797600FF12D3 /* Base */ = {isa = PBXFileReference; lastKnownFileType = file.storyboard; name = Base; path = Base.lproj/Main.storyboard; sourceTree = "<group>"; };
		9297C8CA1E02797600FF12D3 /* Assets.xcassets */ = {isa = PBXFileReference; lastKnownFileType = folder.assetcatalog; path = Assets.xcassets; sourceTree = "<group>"; };
		9297C8CD1E02797600FF12D3 /* Base */ = {isa = PBXFileReference; lastKnownFileType = file.storyboard; name = Base; path = Base.lproj/LaunchScreen.storyboard; sourceTree = "<group>"; };
		9297C8CF1E02797600FF12D3 /* Info.plist */ = {isa = PBXFileReference; lastKnownFileType = text.plist.xml; path = Info.plist; sourceTree = "<group>"; };
		9297C8D51E027A6600FF12D3 /* LeftViewController.swift */ = {isa = PBXFileReference; fileEncoding = 4; lastKnownFileType = sourcecode.swift; path = LeftViewController.swift; sourceTree = "<group>"; };
		9297C8D61E027A6600FF12D3 /* LeftViewController.xib */ = {isa = PBXFileReference; fileEncoding = 4; lastKnownFileType = file.xib; path = LeftViewController.xib; sourceTree = "<group>"; };
		9297C8D91E027A7D00FF12D3 /* RightViewController.swift */ = {isa = PBXFileReference; fileEncoding = 4; lastKnownFileType = sourcecode.swift; path = RightViewController.swift; sourceTree = "<group>"; };
		9297C8DA1E027A7D00FF12D3 /* RightViewController.xib */ = {isa = PBXFileReference; fileEncoding = 4; lastKnownFileType = file.xib; path = RightViewController.xib; sourceTree = "<group>"; };
		9297C8DD1E027AA500FF12D3 /* CameraViewController.swift */ = {isa = PBXFileReference; fileEncoding = 4; lastKnownFileType = sourcecode.swift; path = CameraViewController.swift; sourceTree = "<group>"; };
		9297C8DE1E027AA500FF12D3 /* CameraViewController.xib */ = {isa = PBXFileReference; fileEncoding = 4; lastKnownFileType = file.xib; path = CameraViewController.xib; sourceTree = "<group>"; };
/* End PBXFileReference section */

/* Begin PBXFrameworksBuildPhase section */
		9297C8BD1E02797600FF12D3 /* Frameworks */ = {
			isa = PBXFrameworksBuildPhase;
			buildActionMask = 2147483647;
			files = (
			);
			runOnlyForDeploymentPostprocessing = 0;
		};
/* End PBXFrameworksBuildPhase section */

/* Begin PBXGroup section */
		9297C8B71E02797600FF12D3 = {
			isa = PBXGroup;
			children = (
				9297C8C21E02797600FF12D3 /* SnapshotMenu */,
				9297C8C11E02797600FF12D3 /* Products */,
			);
			sourceTree = "<group>";
		};
		9297C8C11E02797600FF12D3 /* Products */ = {
			isa = PBXGroup;
			children = (
				9297C8C01E02797600FF12D3 /* SnapshotMenu.app */,
			);
			name = Products;
			sourceTree = "<group>";
		};
		9297C8C21E02797600FF12D3 /* SnapshotMenu */ = {
			isa = PBXGroup;
			children = (
				9297C8C31E02797600FF12D3 /* AppDelegate.swift */,
				9297C8C51E02797600FF12D3 /* ViewController.swift */,
				9297C8D51E027A6600FF12D3 /* LeftViewController.swift */,
				9297C8D61E027A6600FF12D3 /* LeftViewController.xib */,
				9297C8DD1E027AA500FF12D3 /* CameraViewController.swift */,
				9297C8DE1E027AA500FF12D3 /* CameraViewController.xib */,
				9297C8D91E027A7D00FF12D3 /* RightViewController.swift */,
				9297C8DA1E027A7D00FF12D3 /* RightViewController.xib */,
				9297C8C71E02797600FF12D3 /* Main.storyboard */,
				9297C8CA1E02797600FF12D3 /* Assets.xcassets */,
				9297C8CC1E02797600FF12D3 /* LaunchScreen.storyboard */,
				9297C8CF1E02797600FF12D3 /* Info.plist */,
			);
			path = SnapshotMenu;
			sourceTree = "<group>";
		};
/* End PBXGroup section */

/* Begin PBXNativeTarget section */
		9297C8BF1E02797600FF12D3 /* SnapshotMenu */ = {
			isa = PBXNativeTarget;
			buildConfigurationList = 9297C8D21E02797600FF12D3 /* Build configuration list for PBXNativeTarget "SnapshotMenu" */;
			buildPhases = (
				9297C8BC1E02797600FF12D3 /* Sources */,
				9297C8BD1E02797600FF12D3 /* Frameworks */,
				9297C8BE1E02797600FF12D3 /* Resources */,
			);
			buildRules = (
			);
			dependencies = (
			);
			name = SnapshotMenu;
			productName = SnapshotMenu;
			productReference = 9297C8C01E02797600FF12D3 /* SnapshotMenu.app */;
			productType = "com.apple.product-type.application";
		};
/* End PBXNativeTarget section */

/* Begin PBXProject section */
		9297C8B81E02797600FF12D3 /* Project object */ = {
			isa = PBXProject;
			attributes = {
				LastSwiftUpdateCheck = 0820;
				LastUpgradeCheck = 0820;
				ORGANIZATIONNAME = CC;
				TargetAttributes = {
					9297C8BF1E02797600FF12D3 = {
						CreatedOnToolsVersion = 8.2;
						DevelopmentTeam = VUF52DQTNX;
						ProvisioningStyle = Automatic;
					};
				};
			};
			buildConfigurationList = 9297C8BB1E02797600FF12D3 /* Build configuration list for PBXProject "SnapshotMenu" */;
			compatibilityVersion = "Xcode 3.2";
			developmentRegion = English;
			hasScannedForEncodings = 0;
			knownRegions = (
				en,
				Base,
			);
			mainGroup = 9297C8B71E02797600FF12D3;
			productRefGroup = 9297C8C11E02797600FF12D3 /* Products */;
			projectDirPath = "";
			projectRoot = "";
			targets = (
				9297C8BF1E02797600FF12D3 /* SnapshotMenu */,
			);
		};
/* End PBXProject section */

/* Begin PBXResourcesBuildPhase section */
		9297C8BE1E02797600FF12D3 /* Resources */ = {
			isa = PBXResourcesBuildPhase;
			buildActionMask = 2147483647;
			files = (
				9297C8CE1E02797600FF12D3 /* LaunchScreen.storyboard in Resources */,
				9297C8DC1E027A7D00FF12D3 /* RightViewController.xib in Resources */,
				9297C8D81E027A6600FF12D3 /* LeftViewController.xib in Resources */,
				9297C8E01E027AA500FF12D3 /* CameraViewController.xib in Resources */,
				9297C8CB1E02797600FF12D3 /* Assets.xcassets in Resources */,
				9297C8C91E02797600FF12D3 /* Main.storyboard in Resources */,
			);
			runOnlyForDeploymentPostprocessing = 0;
		};
/* End PBXResourcesBuildPhase section */

/* Begin PBXSourcesBuildPhase section */
		9297C8BC1E02797600FF12D3 /* Sources */ = {
			isa = PBXSourcesBuildPhase;
			buildActionMask = 2147483647;
			files = (
				9297C8D71E027A6600FF12D3 /* LeftViewController.swift in Sources */,
				9297C8DF1E027AA500FF12D3 /* CameraViewController.swift in Sources */,
				9297C8DB1E027A7D00FF12D3 /* RightViewController.swift in Sources */,
				9297C8C61E02797600FF12D3 /* ViewController.swift in Sources */,
				9297C8C41E02797600FF12D3 /* AppDelegate.swift in Sources */,
			);
			runOnlyForDeploymentPostprocessing = 0;
		};
/* End PBXSourcesBuildPhase section */

/* Begin PBXVariantGroup section */
		9297C8C71E02797600FF12D3 /* Main.storyboard */ = {
			isa = PBXVariantGroup;
			children = (
				9297C8C81E02797600FF12D3 /* Base */,
			);
			name = Main.storyboard;
			sourceTree = "<group>";
		};
		9297C8CC1E02797600FF12D3 /* LaunchScreen.storyboard */ = {
			isa = PBXVariantGroup;
			children = (
				9297C8CD1E02797600FF12D3 /* Base */,
			);
			name = LaunchScreen.storyboard;
			sourceTree = "<group>";
		};
/* End PBXVariantGroup section */

/* Begin XCBuildConfiguration section */
		9297C8D01E02797600FF12D3 /* Debug */ = {
			isa = XCBuildConfiguration;
			buildSettings = {
				ALWAYS_SEARCH_USER_PATHS = NO;
				CLANG_ANALYZER_NONNULL = YES;
				CLANG_CXX_LANGUAGE_STANDARD = "gnu++0x";
				CLANG_CXX_LIBRARY = "libc++";
				CLANG_ENABLE_MODULES = YES;
				CLANG_ENABLE_OBJC_ARC = YES;
				CLANG_WARN_BOOL_CONVERSION = YES;
				CLANG_WARN_CONSTANT_CONVERSION = YES;
				CLANG_WARN_DIRECT_OBJC_ISA_USAGE = YES_ERROR;
				CLANG_WARN_DOCUMENTATION_COMMENTS = YES;
				CLANG_WARN_EMPTY_BODY = YES;
				CLANG_WARN_ENUM_CONVERSION = YES;
				CLANG_WARN_INFINITE_RECURSION = YES;
				CLANG_WARN_INT_CONVERSION = YES;
				CLANG_WARN_OBJC_ROOT_CLASS = YES_ERROR;
				CLANG_WARN_SUSPICIOUS_MOVE = YES;
				CLANG_WARN_UNREACHABLE_CODE = YES;
				CLANG_WARN__DUPLICATE_METHOD_MATCH = YES;
				"CODE_SIGN_IDENTITY[sdk=iphoneos*]" = "iPhone Developer";
				COPY_PHASE_STRIP = NO;
				DEBUG_INFORMATION_FORMAT = dwarf;
				ENABLE_STRICT_OBJC_MSGSEND = YES;
				ENABLE_TESTABILITY = YES;
				GCC_C_LANGUAGE_STANDARD = gnu99;
				GCC_DYNAMIC_NO_PIC = NO;
				GCC_NO_COMMON_BLOCKS = YES;
				GCC_OPTIMIZATION_LEVEL = 0;
				GCC_PREPROCESSOR_DEFINITIONS = (
					"DEBUG=1",
					"$(inherited)",
				);
				GCC_WARN_64_TO_32_BIT_CONVERSION = YES;
				GCC_WARN_ABOUT_RETURN_TYPE = YES_ERROR;
				GCC_WARN_UNDECLARED_SELECTOR = YES;
				GCC_WARN_UNINITIALIZED_AUTOS = YES_AGGRESSIVE;
				GCC_WARN_UNUSED_FUNCTION = YES;
				GCC_WARN_UNUSED_VARIABLE = YES;
				IPHONEOS_DEPLOYMENT_TARGET = 9.0;
				MTL_ENABLE_DEBUG_INFO = YES;
				ONLY_ACTIVE_ARCH = YES;
				SDKROOT = iphoneos;
				SWIFT_ACTIVE_COMPILATION_CONDITIONS = DEBUG;
				SWIFT_OPTIMIZATION_LEVEL = "-Onone";
			};
			name = Debug;
		};
		9297C8D11E02797600FF12D3 /* Release */ = {
			isa = XCBuildConfiguration;
			buildSettings = {
				ALWAYS_SEARCH_USER_PATHS = NO;
				CLANG_ANALYZER_NONNULL = YES;
				CLANG_CXX_LANGUAGE_STANDARD = "gnu++0x";
				CLANG_CXX_LIBRARY = "libc++";
				CLANG_ENABLE_MODULES = YES;
				CLANG_ENABLE_OBJC_ARC = YES;
				CLANG_WARN_BOOL_CONVERSION = YES;
				CLANG_WARN_CONSTANT_CONVERSION = YES;
				CLANG_WARN_DIRECT_OBJC_ISA_USAGE = YES_ERROR;
				CLANG_WARN_DOCUMENTATION_COMMENTS = YES;
				CLANG_WARN_EMPTY_BODY = YES;
				CLANG_WARN_ENUM_CONVERSION = YES;
				CLANG_WARN_INFINITE_RECURSION = YES;
				CLANG_WARN_INT_CONVERSION = YES;
				CLANG_WARN_OBJC_ROOT_CLASS = YES_ERROR;
				CLANG_WARN_SUSPICIOUS_MOVE = YES;
				CLANG_WARN_UNREACHABLE_CODE = YES;
				CLANG_WARN__DUPLICATE_METHOD_MATCH = YES;
				"CODE_SIGN_IDENTITY[sdk=iphoneos*]" = "iPhone Developer";
				COPY_PHASE_STRIP = NO;
				DEBUG_INFORMATION_FORMAT = "dwarf-with-dsym";
				ENABLE_NS_ASSERTIONS = NO;
				ENABLE_STRICT_OBJC_MSGSEND = YES;
				GCC_C_LANGUAGE_STANDARD = gnu99;
				GCC_NO_COMMON_BLOCKS = YES;
				GCC_WARN_64_TO_32_BIT_CONVERSION = YES;
				GCC_WARN_ABOUT_RETURN_TYPE = YES_ERROR;
				GCC_WARN_UNDECLARED_SELECTOR = YES;
				GCC_WARN_UNINITIALIZED_AUTOS = YES_AGGRESSIVE;
				GCC_WARN_UNUSED_FUNCTION = YES;
				GCC_WARN_UNUSED_VARIABLE = YES;
				IPHONEOS_DEPLOYMENT_TARGET = 9.0;
				MTL_ENABLE_DEBUG_INFO = NO;
				SDKROOT = iphoneos;
				SWIFT_OPTIMIZATION_LEVEL = "-Owholemodule";
				VALIDATE_PRODUCT = YES;
			};
			name = Release;
		};
		9297C8D31E02797600FF12D3 /* Debug */ = {
			isa = XCBuildConfiguration;
			buildSettings = {
				ASSETCATALOG_COMPILER_APPICON_NAME = AppIcon;
				DEVELOPMENT_TEAM = VUF52DQTNX;
				INFOPLIST_FILE = SnapshotMenu/Info.plist;
				IPHONEOS_DEPLOYMENT_TARGET = 9.0;
				LD_RUNPATH_SEARCH_PATHS = "$(inherited) @executable_path/Frameworks";
				PRODUCT_BUNDLE_IDENTIFIER = com.cc.SnapshotMenu;
				PRODUCT_NAME = "$(TARGET_NAME)";
				SWIFT_VERSION = 3.0;
			};
			name = Debug;
		};
		9297C8D41E02797600FF12D3 /* Release */ = {
			isa = XCBuildConfiguration;
			buildSettings = {
				ASSETCATALOG_COMPILER_APPICON_NAME = AppIcon;
				DEVELOPMENT_TEAM = VUF52DQTNX;
				INFOPLIST_FILE = SnapshotMenu/Info.plist;
				IPHONEOS_DEPLOYMENT_TARGET = 9.0;
				LD_RUNPATH_SEARCH_PATHS = "$(inherited) @executable_path/Frameworks";
				PRODUCT_BUNDLE_IDENTIFIER = com.cc.SnapshotMenu;
				PRODUCT_NAME = "$(TARGET_NAME)";
				SWIFT_VERSION = 3.0;
			};
			name = Release;
		};
/* End XCBuildConfiguration section */

/* Begin XCConfigurationList section */
		9297C8BB1E02797600FF12D3 /* Build configuration list for PBXProject "SnapshotMenu" */ = {
			isa = XCConfigurationList;
			buildConfigurations = (
				9297C8D01E02797600FF12D3 /* Debug */,
				9297C8D11E02797600FF12D3 /* Release */,
			);
			defaultConfigurationIsVisible = 0;
			defaultConfigurationName = Release;
		};
		9297C8D21E02797600FF12D3 /* Build configuration list for PBXNativeTarget "SnapshotMenu" */ = {
			isa = XCConfigurationList;
			buildConfigurations = (
				9297C8D31E02797600FF12D3 /* Debug */,
				9297C8D41E02797600FF12D3 /* Release */,
			);
			defaultConfigurationIsVisible = 0;
		};
/* End XCConfigurationList section */
	};
	rootObject = 9297C8B81E02797600FF12D3 /* Project object */;
}
