// !$*UTF8*$!
{
	archiveVersion = 1;
	classes = {
	};
	objectVersion = 46;
	objects = {

/* Begin PBXBuildFile section */
		92B0B99A1E0A6A5700386FEC /* AppDelegate.swift in Sources */ = {isa = PBXBuildFile; fileRef = 92B0B9991E0A6A5700386FEC /* AppDelegate.swift */; };
		92B0B99C1E0A6A5700386FEC /* ViewController.swift in Sources */ = {isa = PBXBuildFile; fileRef = 92B0B99B1E0A6A5700386FEC /* ViewController.swift */; };
		92B0B99F1E0A6A5700386FEC /* Main.storyboard in Resources */ = {isa = PBXBuildFile; fileRef = 92B0B99D1E0A6A5700386FEC /* Main.storyboard */; };
		92B0B9A11E0A6A5800386FEC /* Assets.xcassets in Resources */ = {isa = PBXBuildFile; fileRef = 92B0B9A01E0A6A5800386FEC /* Assets.xcassets */; };
		92B0B9A41E0A6A5800386FEC /* LaunchScreen.storyboard in Resources */ = {isa = PBXBuildFile; fileRef = 92B0B9A21E0A6A5800386FEC /* LaunchScreen.storyboard */; };
/* End PBXBuildFile section */

/* Begin PBXFileReference section */
		92B0B9961E0A6A5700386FEC /* StackViewDemo2.app */ = {isa = PBXFileReference; explicitFileType = wrapper.application; includeInIndex = 0; path = StackViewDemo2.app; sourceTree = BUILT_PRODUCTS_DIR; };
		92B0B9991E0A6A5700386FEC /* AppDelegate.swift */ = {isa = PBXFileReference; lastKnownFileType = sourcecode.swift; path = AppDelegate.swift; sourceTree = "<group>"; };
		92B0B99B1E0A6A5700386FEC /* ViewController.swift */ = {isa = PBXFileReference; lastKnownFileType = sourcecode.swift; path = ViewController.swift; sourceTree = "<group>"; };
		92B0B99E1E0A6A5700386FEC /* Base */ = {isa = PBXFileReference; lastKnownFileType = file.storyboard; name = Base; path = Base.lproj/Main.storyboard; sourceTree = "<group>"; };
		92B0B9A01E0A6A5800386FEC /* Assets.xcassets */ = {isa = PBXFileReference; lastKnownFileType = folder.assetcatalog; path = Assets.xcassets; sourceTree = "<group>"; };
		92B0B9A31E0A6A5800386FEC /* Base */ = {isa = PBXFileReference; lastKnownFileType = file.storyboard; name = Base; path = Base.lproj/LaunchScreen.storyboard; sourceTree = "<group>"; };
		92B0B9A51E0A6A5800386FEC /* Info.plist */ = {isa = PBXFileReference; lastKnownFileType = text.plist.xml; path = Info.plist; sourceTree = "<group>"; };
/* End PBXFileReference section */

/* Begin PBXFrameworksBuildPhase section */
		92B0B9931E0A6A5700386FEC /* Frameworks */ = {
			isa = PBXFrameworksBuildPhase;
			buildActionMask = 2147483647;
			files = (
			);
			runOnlyForDeploymentPostprocessing = 0;
		};
/* End PBXFrameworksBuildPhase section */

/* Begin PBXGroup section */
		92B0B98D1E0A6A5700386FEC = {
			isa = PBXGroup;
			children = (
				92B0B9981E0A6A5700386FEC /* StackViewDemo2 */,
				92B0B9971E0A6A5700386FEC /* Products */,
			);
			sourceTree = "<group>";
		};
		92B0B9971E0A6A5700386FEC /* Products */ = {
			isa = PBXGroup;
			children = (
				92B0B9961E0A6A5700386FEC /* StackViewDemo2.app */,
			);
			name = Products;
			sourceTree = "<group>";
		};
		92B0B9981E0A6A5700386FEC /* StackViewDemo2 */ = {
			isa = PBXGroup;
			children = (
				92B0B9991E0A6A5700386FEC /* AppDelegate.swift */,
				92B0B99B1E0A6A5700386FEC /* ViewController.swift */,
				92B0B99D1E0A6A5700386FEC /* Main.storyboard */,
				92B0B9A01E0A6A5800386FEC /* Assets.xcassets */,
				92B0B9A21E0A6A5800386FEC /* LaunchScreen.storyboard */,
				92B0B9A51E0A6A5800386FEC /* Info.plist */,
			);
			path = StackViewDemo2;
			sourceTree = "<group>";
		};
/* End PBXGroup section */

/* Begin PBXNativeTarget section */
		92B0B9951E0A6A5700386FEC /* StackViewDemo2 */ = {
			isa = PBXNativeTarget;
			buildConfigurationList = 92B0B9A81E0A6A5800386FEC /* Build configuration list for PBXNativeTarget "StackViewDemo2" */;
			buildPhases = (
				92B0B9921E0A6A5700386FEC /* Sources */,
				92B0B9931E0A6A5700386FEC /* Frameworks */,
				92B0B9941E0A6A5700386FEC /* Resources */,
			);
			buildRules = (
			);
			dependencies = (
			);
			name = StackViewDemo2;
			productName = StackViewDemo2;
			productReference = 92B0B9961E0A6A5700386FEC /* StackViewDemo2.app */;
			productType = "com.apple.product-type.application";
		};
/* End PBXNativeTarget section */

/* Begin PBXProject section */
		92B0B98E1E0A6A5700386FEC /* Project object */ = {
			isa = PBXProject;
			attributes = {
				LastSwiftUpdateCheck = 0820;
				LastUpgradeCheck = 0820;
				ORGANIZATIONNAME = CC;
				TargetAttributes = {
					92B0B9951E0A6A5700386FEC = {
						CreatedOnToolsVersion = 8.2;
						DevelopmentTeam = VUF52DQTNX;
						ProvisioningStyle = Automatic;
					};
				};
			};
			buildConfigurationList = 92B0B9911E0A6A5700386FEC /* Build configuration list for PBXProject "StackViewDemo2" */;
			compatibilityVersion = "Xcode 3.2";
			developmentRegion = English;
			hasScannedForEncodings = 0;
			knownRegions = (
				en,
				Base,
			);
			mainGroup = 92B0B98D1E0A6A5700386FEC;
			productRefGroup = 92B0B9971E0A6A5700386FEC /* Products */;
			projectDirPath = "";
			projectRoot = "";
			targets = (
				92B0B9951E0A6A5700386FEC /* StackViewDemo2 */,
			);
		};
/* End PBXProject section */

/* Begin PBXResourcesBuildPhase section */
		92B0B9941E0A6A5700386FEC /* Resources */ = {
			isa = PBXResourcesBuildPhase;
			buildActionMask = 2147483647;
			files = (
				92B0B9A41E0A6A5800386FEC /* LaunchScreen.storyboard in Resources */,
				92B0B9A11E0A6A5800386FEC /* Assets.xcassets in Resources */,
				92B0B99F1E0A6A5700386FEC /* Main.storyboard in Resources */,
			);
			runOnlyForDeploymentPostprocessing = 0;
		};
/* End PBXResourcesBuildPhase section */

/* Begin PBXSourcesBuildPhase section */
		92B0B9921E0A6A5700386FEC /* Sources */ = {
			isa = PBXSourcesBuildPhase;
			buildActionMask = 2147483647;
			files = (
				92B0B99C1E0A6A5700386FEC /* ViewController.swift in Sources */,
				92B0B99A1E0A6A5700386FEC /* AppDelegate.swift in Sources */,
			);
			runOnlyForDeploymentPostprocessing = 0;
		};
/* End PBXSourcesBuildPhase section */

/* Begin PBXVariantGroup section */
		92B0B99D1E0A6A5700386FEC /* Main.storyboard */ = {
			isa = PBXVariantGroup;
			children = (
				92B0B99E1E0A6A5700386FEC /* Base */,
			);
			name = Main.storyboard;
			sourceTree = "<group>";
		};
		92B0B9A21E0A6A5800386FEC /* LaunchScreen.storyboard */ = {
			isa = PBXVariantGroup;
			children = (
				92B0B9A31E0A6A5800386FEC /* Base */,
			);
			name = LaunchScreen.storyboard;
			sourceTree = "<group>";
		};
/* End PBXVariantGroup section */

/* Begin XCBuildConfiguration section */
		92B0B9A61E0A6A5800386FEC /* Debug */ = {
			isa = XCBuildConfiguration;
			buildSettings = {
				ALWAYS_SEARCH_USER_PATHS = NO;
				CLANG_ANALYZER_NONNULL = YES;
				CLANG_CXX_LANGUAGE_STANDARD = "gnu++0x";
				CLANG_CXX_LIBRARY = "libc++";
				CLANG_ENABLE_MODULES = YES;
				CLANG_ENABLE_OBJC_ARC = YES;
				CLANG_WARN_BOOL_CONVERSION = YES;
				CLANG_WARN_CONSTANT_CONVERSION = YES;
				CLANG_WARN_DIRECT_OBJC_ISA_USAGE = YES_ERROR;
				CLANG_WARN_DOCUMENTATION_COMMENTS = YES;
				CLANG_WARN_EMPTY_BODY = YES;
				CLANG_WARN_ENUM_CONVERSION = YES;
				CLANG_WARN_INFINITE_RECURSION = YES;
				CLANG_WARN_INT_CONVERSION = YES;
				CLANG_WARN_OBJC_ROOT_CLASS = YES_ERROR;
				CLANG_WARN_SUSPICIOUS_MOVE = YES;
				CLANG_WARN_UNREACHABLE_CODE = YES;
				CLANG_WARN__DUPLICATE_METHOD_MATCH = YES;
				"CODE_SIGN_IDENTITY[sdk=iphoneos*]" = "iPhone Developer";
				COPY_PHASE_STRIP = NO;
				DEBUG_INFORMATION_FORMAT = dwarf;
				ENABLE_STRICT_OBJC_MSGSEND = YES;
				ENABLE_TESTABILITY = YES;
				GCC_C_LANGUAGE_STANDARD = gnu99;
				GCC_DYNAMIC_NO_PIC = NO;
				GCC_NO_COMMON_BLOCKS = YES;
				GCC_OPTIMIZATION_LEVEL = 0;
				GCC_PREPROCESSOR_DEFINITIONS = (
					"DEBUG=1",
					"$(inherited)",
				);
				GCC_WARN_64_TO_32_BIT_CONVERSION = YES;
				GCC_WARN_ABOUT_RETURN_TYPE = YES_ERROR;
				GCC_WARN_UNDECLARED_SELECTOR = YES;
				GCC_WARN_UNINITIALIZED_AUTOS = YES_AGGRESSIVE;
				GCC_WARN_UNUSED_FUNCTION = YES;
				GCC_WARN_UNUSED_VARIABLE = YES;
				IPHONEOS_DEPLOYMENT_TARGET = 10.2;
				MTL_ENABLE_DEBUG_INFO = YES;
				ONLY_ACTIVE_ARCH = YES;
				SDKROOT = iphoneos;
				SWIFT_ACTIVE_COMPILATION_CONDITIONS = DEBUG;
				SWIFT_OPTIMIZATION_LEVEL = "-Onone";
			};
			name = Debug;
		};
		92B0B9A71E0A6A5800386FEC /* Release */ = {
			isa = XCBuildConfiguration;
			buildSettings = {
				ALWAYS_SEARCH_USER_PATHS = NO;
				CLANG_ANALYZER_NONNULL = YES;
				CLANG_CXX_LANGUAGE_STANDARD = "gnu++0x";
				CLANG_CXX_LIBRARY = "libc++";
				CLANG_ENABLE_MODULES = YES;
				CLANG_ENABLE_OBJC_ARC = YES;
				CLANG_WARN_BOOL_CONVERSION = YES;
				CLANG_WARN_CONSTANT_CONVERSION = YES;
				CLANG_WARN_DIRECT_OBJC_ISA_USAGE = YES_ERROR;
				CLANG_WARN_DOCUMENTATION_COMMENTS = YES;
				CLANG_WARN_EMPTY_BODY = YES;
				CLANG_WARN_ENUM_CONVERSION = YES;
				CLANG_WARN_INFINITE_RECURSION = YES;
				CLANG_WARN_INT_CONVERSION = YES;
				CLANG_WARN_OBJC_ROOT_CLASS = YES_ERROR;
				CLANG_WARN_SUSPICIOUS_MOVE = YES;
				CLANG_WARN_UNREACHABLE_CODE = YES;
				CLANG_WARN__DUPLICATE_METHOD_MATCH = YES;
				"CODE_SIGN_IDENTITY[sdk=iphoneos*]" = "iPhone Developer";
				COPY_PHASE_STRIP = NO;
				DEBUG_INFORMATION_FORMAT = "dwarf-with-dsym";
				ENABLE_NS_ASSERTIONS = NO;
				ENABLE_STRICT_OBJC_MSGSEND = YES;
				GCC_C_LANGUAGE_STANDARD = gnu99;
				GCC_NO_COMMON_BLOCKS = YES;
				GCC_WARN_64_TO_32_BIT_CONVERSION = YES;
				GCC_WARN_ABOUT_RETURN_TYPE = YES_ERROR;
				GCC_WARN_UNDECLARED_SELECTOR = YES;
				GCC_WARN_UNINITIALIZED_AUTOS = YES_AGGRESSIVE;
				GCC_WARN_UNUSED_FUNCTION = YES;
				GCC_WARN_UNUSED_VARIABLE = YES;
				IPHONEOS_DEPLOYMENT_TARGET = 10.2;
				MTL_ENABLE_DEBUG_INFO = NO;
				SDKROOT = iphoneos;
				SWIFT_OPTIMIZATION_LEVEL = "-Owholemodule";
				VALIDATE_PRODUCT = YES;
			};
			name = Release;
		};
		92B0B9A91E0A6A5800386FEC /* Debug */ = {
			isa = XCBuildConfiguration;
			buildSettings = {
				ASSETCATALOG_COMPILER_APPICON_NAME = AppIcon;
				DEVELOPMENT_TEAM = VUF52DQTNX;
				INFOPLIST_FILE = StackViewDemo2/Info.plist;
				LD_RUNPATH_SEARCH_PATHS = "$(inherited) @executable_path/Frameworks";
				PRODUCT_BUNDLE_IDENTIFIER = com.cc.StackViewDemo2;
				PRODUCT_NAME = "$(TARGET_NAME)";
				SWIFT_VERSION = 3.0;
			};
			name = Debug;
		};
		92B0B9AA1E0A6A5800386FEC /* Release */ = {
			isa = XCBuildConfiguration;
			buildSettings = {
				ASSETCATALOG_COMPILER_APPICON_NAME = AppIcon;
				DEVELOPMENT_TEAM = VUF52DQTNX;
				INFOPLIST_FILE = StackViewDemo2/Info.plist;
				LD_RUNPATH_SEARCH_PATHS = "$(inherited) @executable_path/Frameworks";
				PRODUCT_BUNDLE_IDENTIFIER = com.cc.StackViewDemo2;
				PRODUCT_NAME = "$(TARGET_NAME)";
				SWIFT_VERSION = 3.0;
			};
			name = Release;
		};
/* End XCBuildConfiguration section */

/* Begin XCConfigurationList section */
		92B0B9911E0A6A5700386FEC /* Build configuration list for PBXProject "StackViewDemo2" */ = {
			isa = XCConfigurationList;
			buildConfigurations = (
				92B0B9A61E0A6A5800386FEC /* Debug */,
				92B0B9A71E0A6A5800386FEC /* Release */,
			);
			defaultConfigurationIsVisible = 0;
			defaultConfigurationName = Release;
		};
		92B0B9A81E0A6A5800386FEC /* Build configuration list for PBXNativeTarget "StackViewDemo2" */ = {
			isa = XCConfigurationList;
			buildConfigurations = (
				92B0B9A91E0A6A5800386FEC /* Debug */,
				92B0B9AA1E0A6A5800386FEC /* Release */,
			);
			defaultConfigurationIsVisible = 0;
		};
/* End XCConfigurationList section */
	};
	rootObject = 92B0B98E1E0A6A5700386FEC /* Project object */;
}
