// !$*UTF8*$!
{
	archiveVersion = 1;
	classes = {
	};
	objectVersion = 46;
	objects = {

/* Begin PBXBuildFile section */
		92164C0E1E09398100432411 /* AppDelegate.swift in Sources */ = {isa = PBXBuildFile; fileRef = 92164C0D1E09398100432411 /* AppDelegate.swift */; };
		92164C101E09398100432411 /* ViewController.swift in Sources */ = {isa = PBXBuildFile; fileRef = 92164C0F1E09398100432411 /* ViewController.swift */; };
		92164C131E09398100432411 /* Main.storyboard in Resources */ = {isa = PBXBuildFile; fileRef = 92164C111E09398100432411 /* Main.storyboard */; };
		92164C151E09398100432411 /* Assets.xcassets in Resources */ = {isa = PBXBuildFile; fileRef = 92164C141E09398100432411 /* Assets.xcassets */; };
		92164C181E09398100432411 /* LaunchScreen.storyboard in Resources */ = {isa = PBXBuildFile; fileRef = 92164C161E09398100432411 /* LaunchScreen.storyboard */; };
/* End PBXBuildFile section */

/* Begin PBXFileReference section */
		92164C0A1E09398100432411 /* EmojiMachine.app */ = {isa = PBXFileReference; explicitFileType = wrapper.application; includeInIndex = 0; path = EmojiMachine.app; sourceTree = BUILT_PRODUCTS_DIR; };
		92164C0D1E09398100432411 /* AppDelegate.swift */ = {isa = PBXFileReference; lastKnownFileType = sourcecode.swift; path = AppDelegate.swift; sourceTree = "<group>"; };
		92164C0F1E09398100432411 /* ViewController.swift */ = {isa = PBXFileReference; lastKnownFileType = sourcecode.swift; path = ViewController.swift; sourceTree = "<group>"; };
		92164C121E09398100432411 /* Base */ = {isa = PBXFileReference; lastKnownFileType = file.storyboard; name = Base; path = Base.lproj/Main.storyboard; sourceTree = "<group>"; };
		92164C141E09398100432411 /* Assets.xcassets */ = {isa = PBXFileReference; lastKnownFileType = folder.assetcatalog; path = Assets.xcassets; sourceTree = "<group>"; };
		92164C171E09398100432411 /* Base */ = {isa = PBXFileReference; lastKnownFileType = file.storyboard; name = Base; path = Base.lproj/LaunchScreen.storyboard; sourceTree = "<group>"; };
		92164C191E09398100432411 /* Info.plist */ = {isa = PBXFileReference; lastKnownFileType = text.plist.xml; path = Info.plist; sourceTree = "<group>"; };
/* End PBXFileReference section */

/* Begin PBXFrameworksBuildPhase section */
		92164C071E09398100432411 /* Frameworks */ = {
			isa = PBXFrameworksBuildPhase;
			buildActionMask = 2147483647;
			files = (
			);
			runOnlyForDeploymentPostprocessing = 0;
		};
/* End PBXFrameworksBuildPhase section */

/* Begin PBXGroup section */
		92164C011E09398100432411 = {
			isa = PBXGroup;
			children = (
				92164C0C1E09398100432411 /* EmojiMachine */,
				92164C0B1E09398100432411 /* Products */,
			);
			sourceTree = "<group>";
		};
		92164C0B1E09398100432411 /* Products */ = {
			isa = PBXGroup;
			children = (
				92164C0A1E09398100432411 /* EmojiMachine.app */,
			);
			name = Products;
			sourceTree = "<group>";
		};
		92164C0C1E09398100432411 /* EmojiMachine */ = {
			isa = PBXGroup;
			children = (
				92164C0D1E09398100432411 /* AppDelegate.swift */,
				92164C0F1E09398100432411 /* ViewController.swift */,
				92164C111E09398100432411 /* Main.storyboard */,
				92164C141E09398100432411 /* Assets.xcassets */,
				92164C161E09398100432411 /* LaunchScreen.storyboard */,
				92164C191E09398100432411 /* Info.plist */,
			);
			path = EmojiMachine;
			sourceTree = "<group>";
		};
/* End PBXGroup section */

/* Begin PBXNativeTarget section */
		92164C091E09398100432411 /* EmojiMachine */ = {
			isa = PBXNativeTarget;
			buildConfigurationList = 92164C1C1E09398100432411 /* Build configuration list for PBXNativeTarget "EmojiMachine" */;
			buildPhases = (
				92164C061E09398100432411 /* Sources */,
				92164C071E09398100432411 /* Frameworks */,
				92164C081E09398100432411 /* Resources */,
			);
			buildRules = (
			);
			dependencies = (
			);
			name = EmojiMachine;
			productName = EmojiMachine;
			productReference = 92164C0A1E09398100432411 /* EmojiMachine.app */;
			productType = "com.apple.product-type.application";
		};
/* End PBXNativeTarget section */

/* Begin PBXProject section */
		92164C021E09398100432411 /* Project object */ = {
			isa = PBXProject;
			attributes = {
				LastSwiftUpdateCheck = 0820;
				LastUpgradeCheck = 0820;
				ORGANIZATIONNAME = CC;
				TargetAttributes = {
					92164C091E09398100432411 = {
						CreatedOnToolsVersion = 8.2;
						DevelopmentTeam = E463NEC4R3;
						ProvisioningStyle = Automatic;
					};
				};
			};
			buildConfigurationList = 92164C051E09398100432411 /* Build configuration list for PBXProject "EmojiMachine" */;
			compatibilityVersion = "Xcode 3.2";
			developmentRegion = English;
			hasScannedForEncodings = 0;
			knownRegions = (
				en,
				Base,
			);
			mainGroup = 92164C011E09398100432411;
			productRefGroup = 92164C0B1E09398100432411 /* Products */;
			projectDirPath = "";
			projectRoot = "";
			targets = (
				92164C091E09398100432411 /* EmojiMachine */,
			);
		};
/* End PBXProject section */

/* Begin PBXResourcesBuildPhase section */
		92164C081E09398100432411 /* Resources */ = {
			isa = PBXResourcesBuildPhase;
			buildActionMask = 2147483647;
			files = (
				92164C181E09398100432411 /* LaunchScreen.storyboard in Resources */,
				92164C151E09398100432411 /* Assets.xcassets in Resources */,
				92164C131E09398100432411 /* Main.storyboard in Resources */,
			);
			runOnlyForDeploymentPostprocessing = 0;
		};
/* End PBXResourcesBuildPhase section */

/* Begin PBXSourcesBuildPhase section */
		92164C061E09398100432411 /* Sources */ = {
			isa = PBXSourcesBuildPhase;
			buildActionMask = 2147483647;
			files = (
				92164C101E09398100432411 /* ViewController.swift in Sources */,
				92164C0E1E09398100432411 /* AppDelegate.swift in Sources */,
			);
			runOnlyForDeploymentPostprocessing = 0;
		};
/* End PBXSourcesBuildPhase section */

/* Begin PBXVariantGroup section */
		92164C111E09398100432411 /* Main.storyboard */ = {
			isa = PBXVariantGroup;
			children = (
				92164C121E09398100432411 /* Base */,
			);
			name = Main.storyboard;
			sourceTree = "<group>";
		};
		92164C161E09398100432411 /* LaunchScreen.storyboard */ = {
			isa = PBXVariantGroup;
			children = (
				92164C171E09398100432411 /* Base */,
			);
			name = LaunchScreen.storyboard;
			sourceTree = "<group>";
		};
/* End PBXVariantGroup section */

/* Begin XCBuildConfiguration section */
		92164C1A1E09398100432411 /* Debug */ = {
			isa = XCBuildConfiguration;
			buildSettings = {
				ALWAYS_SEARCH_USER_PATHS = NO;
				CLANG_ANALYZER_NONNULL = YES;
				CLANG_CXX_LANGUAGE_STANDARD = "gnu++0x";
				CLANG_CXX_LIBRARY = "libc++";
				CLANG_ENABLE_MODULES = YES;
				CLANG_ENABLE_OBJC_ARC = YES;
				CLANG_WARN_BOOL_CONVERSION = YES;
				CLANG_WARN_CONSTANT_CONVERSION = YES;
				CLANG_WARN_DIRECT_OBJC_ISA_USAGE = YES_ERROR;
				CLANG_WARN_DOCUMENTATION_COMMENTS = YES;
				CLANG_WARN_EMPTY_BODY = YES;
				CLANG_WARN_ENUM_CONVERSION = YES;
				CLANG_WARN_INFINITE_RECURSION = YES;
				CLANG_WARN_INT_CONVERSION = YES;
				CLANG_WARN_OBJC_ROOT_CLASS = YES_ERROR;
				CLANG_WARN_SUSPICIOUS_MOVE = YES;
				CLANG_WARN_UNREACHABLE_CODE = YES;
				CLANG_WARN__DUPLICATE_METHOD_MATCH = YES;
				"CODE_SIGN_IDENTITY[sdk=iphoneos*]" = "iPhone Developer";
				COPY_PHASE_STRIP = NO;
				DEBUG_INFORMATION_FORMAT = dwarf;
				ENABLE_STRICT_OBJC_MSGSEND = YES;
				ENABLE_TESTABILITY = YES;
				GCC_C_LANGUAGE_STANDARD = gnu99;
				GCC_DYNAMIC_NO_PIC = NO;
				GCC_NO_COMMON_BLOCKS = YES;
				GCC_OPTIMIZATION_LEVEL = 0;
				GCC_PREPROCESSOR_DEFINITIONS = (
					"DEBUG=1",
					"$(inherited)",
				);
				GCC_WARN_64_TO_32_BIT_CONVERSION = YES;
				GCC_WARN_ABOUT_RETURN_TYPE = YES_ERROR;
				GCC_WARN_UNDECLARED_SELECTOR = YES;
				GCC_WARN_UNINITIALIZED_AUTOS = YES_AGGRESSIVE;
				GCC_WARN_UNUSED_FUNCTION = YES;
				GCC_WARN_UNUSED_VARIABLE = YES;
				IPHONEOS_DEPLOYMENT_TARGET = 10.2;
				MTL_ENABLE_DEBUG_INFO = YES;
				ONLY_ACTIVE_ARCH = YES;
				SDKROOT = iphoneos;
				SWIFT_ACTIVE_COMPILATION_CONDITIONS = DEBUG;
				SWIFT_OPTIMIZATION_LEVEL = "-Onone";
			};
			name = Debug;
		};
		92164C1B1E09398100432411 /* Release */ = {
			isa = XCBuildConfiguration;
			buildSettings = {
				ALWAYS_SEARCH_USER_PATHS = NO;
				CLANG_ANALYZER_NONNULL = YES;
				CLANG_CXX_LANGUAGE_STANDARD = "gnu++0x";
				CLANG_CXX_LIBRARY = "libc++";
				CLANG_ENABLE_MODULES = YES;
				CLANG_ENABLE_OBJC_ARC = YES;
				CLANG_WARN_BOOL_CONVERSION = YES;
				CLANG_WARN_CONSTANT_CONVERSION = YES;
				CLANG_WARN_DIRECT_OBJC_ISA_USAGE = YES_ERROR;
				CLANG_WARN_DOCUMENTATION_COMMENTS = YES;
				CLANG_WARN_EMPTY_BODY = YES;
				CLANG_WARN_ENUM_CONVERSION = YES;
				CLANG_WARN_INFINITE_RECURSION = YES;
				CLANG_WARN_INT_CONVERSION = YES;
				CLANG_WARN_OBJC_ROOT_CLASS = YES_ERROR;
				CLANG_WARN_SUSPICIOUS_MOVE = YES;
				CLANG_WARN_UNREACHABLE_CODE = YES;
				CLANG_WARN__DUPLICATE_METHOD_MATCH = YES;
				"CODE_SIGN_IDENTITY[sdk=iphoneos*]" = "iPhone Developer";
				COPY_PHASE_STRIP = NO;
				DEBUG_INFORMATION_FORMAT = "dwarf-with-dsym";
				ENABLE_NS_ASSERTIONS = NO;
				ENABLE_STRICT_OBJC_MSGSEND = YES;
				GCC_C_LANGUAGE_STANDARD = gnu99;
				GCC_NO_COMMON_BLOCKS = YES;
				GCC_WARN_64_TO_32_BIT_CONVERSION = YES;
				GCC_WARN_ABOUT_RETURN_TYPE = YES_ERROR;
				GCC_WARN_UNDECLARED_SELECTOR = YES;
				GCC_WARN_UNINITIALIZED_AUTOS = YES_AGGRESSIVE;
				GCC_WARN_UNUSED_FUNCTION = YES;
				GCC_WARN_UNUSED_VARIABLE = YES;
				IPHONEOS_DEPLOYMENT_TARGET = 10.2;
				MTL_ENABLE_DEBUG_INFO = NO;
				SDKROOT = iphoneos;
				SWIFT_OPTIMIZATION_LEVEL = "-Owholemodule";
				VALIDATE_PRODUCT = YES;
			};
			name = Release;
		};
		92164C1D1E09398100432411 /* Debug */ = {
			isa = XCBuildConfiguration;
			buildSettings = {
				ASSETCATALOG_COMPILER_APPICON_NAME = AppIcon;
				DEVELOPMENT_TEAM = E463NEC4R3;
				INFOPLIST_FILE = EmojiMachine/Info.plist;
				LD_RUNPATH_SEARCH_PATHS = "$(inherited) @executable_path/Frameworks";
				PRODUCT_BUNDLE_IDENTIFIER = com.cc.EmojiMachine;
				PRODUCT_NAME = "$(TARGET_NAME)";
				SWIFT_VERSION = 3.0;
			};
			name = Debug;
		};
		92164C1E1E09398100432411 /* Release */ = {
			isa = XCBuildConfiguration;
			buildSettings = {
				ASSETCATALOG_COMPILER_APPICON_NAME = AppIcon;
				DEVELOPMENT_TEAM = E463NEC4R3;
				INFOPLIST_FILE = EmojiMachine/Info.plist;
				LD_RUNPATH_SEARCH_PATHS = "$(inherited) @executable_path/Frameworks";
				PRODUCT_BUNDLE_IDENTIFIER = com.cc.EmojiMachine;
				PRODUCT_NAME = "$(TARGET_NAME)";
				SWIFT_VERSION = 3.0;
			};
			name = Release;
		};
/* End XCBuildConfiguration section */

/* Begin XCConfigurationList section */
		92164C051E09398100432411 /* Build configuration list for PBXProject "EmojiMachine" */ = {
			isa = XCConfigurationList;
			buildConfigurations = (
				92164C1A1E09398100432411 /* Debug */,
				92164C1B1E09398100432411 /* Release */,
			);
			defaultConfigurationIsVisible = 0;
			defaultConfigurationName = Release;
		};
		92164C1C1E09398100432411 /* Build configuration list for PBXNativeTarget "EmojiMachine" */ = {
			isa = XCConfigurationList;
			buildConfigurations = (
				92164C1D1E09398100432411 /* Debug */,
				92164C1E1E09398100432411 /* Release */,
			);
			defaultConfigurationIsVisible = 0;
		};
/* End XCConfigurationList section */
	};
	rootObject = 92164C021E09398100432411 /* Project object */;
}
